// !$*UTF8*$!
{
	archiveVersion = 1;
	classes = {
	};
	objectVersion = 56;
	objects = {

/* Begin PBXBuildFile section */
		CA1442322924582D00D39B86 /* GearDataProvider in Frameworks */ = {isa = PBXBuildFile; productRef = CA1442312924582D00D39B86 /* GearDataProvider */; };
		CA2890DE28F87FF2003C1EE9 /* AppFeature in Frameworks */ = {isa = PBXBuildFile; productRef = CA2890DD28F87FF2003C1EE9 /* AppFeature */; };
		CA2890E328F8DA53003C1EE9 /* PersistenceService in Frameworks */ = {isa = PBXBuildFile; productRef = CA2890E228F8DA53003C1EE9 /* PersistenceService */; };
		CA81F9E0293DAD0B0061D1D9 /* LanesDataProvider in Frameworks */ = {isa = PBXBuildFile; productRef = CA81F9DF293DAD0B0061D1D9 /* LanesDataProvider */; };
		CA8BBC5928D59B8B00653A1E /* BowlingCompanionApp.swift in Sources */ = {isa = PBXBuildFile; fileRef = CA8BBC5828D59B8B00653A1E /* BowlingCompanionApp.swift */; };
		CA8BBC5B28D59B8B00653A1E /* ContentView.swift in Sources */ = {isa = PBXBuildFile; fileRef = CA8BBC5A28D59B8B00653A1E /* ContentView.swift */; };
		CA8BBC5D28D59B8C00653A1E /* Assets.xcassets in Resources */ = {isa = PBXBuildFile; fileRef = CA8BBC5C28D59B8C00653A1E /* Assets.xcassets */; };
		CA8BBC6028D59B8C00653A1E /* Preview Assets.xcassets in Resources */ = {isa = PBXBuildFile; fileRef = CA8BBC5F28D59B8C00653A1E /* Preview Assets.xcassets */; };
		CA94DD642900B3AC00B81A87 /* FileManagerService in Frameworks */ = {isa = PBXBuildFile; productRef = CA94DD632900B3AC00B81A87 /* FileManagerService */; };
		CAA0C8AB29483D2E00384ED4 /* Localizable.stringsdict in Resources */ = {isa = PBXBuildFile; fileRef = CAA0C8A929483D2E00384ED4 /* Localizable.stringsdict */; };
		CAA0C8AC29483D2E00384ED4 /* Localizable.strings in Resources */ = {isa = PBXBuildFile; fileRef = CAA0C8AA29483D2E00384ED4 /* Localizable.strings */; };
		CAC13AA929203D6600DD36A5 /* AlleysDataProvider in Frameworks */ = {isa = PBXBuildFile; productRef = CAC13AA829203D6600DD36A5 /* AlleysDataProvider */; };
		CAC13AAB292045B700DD36A5 /* BowlersDataProvider in Frameworks */ = {isa = PBXBuildFile; productRef = CAC13AAA292045B700DD36A5 /* BowlersDataProvider */; };
		CAC13AAD29204EA000DD36A5 /* FramesDataProvider in Frameworks */ = {isa = PBXBuildFile; productRef = CAC13AAC29204EA000DD36A5 /* FramesDataProvider */; };
		CAC13AAF29205E4E00DD36A5 /* GamesDataProvider in Frameworks */ = {isa = PBXBuildFile; productRef = CAC13AAE29205E4E00DD36A5 /* GamesDataProvider */; };
		CAC13AB129205E5100DD36A5 /* LeaguesDataProvider in Frameworks */ = {isa = PBXBuildFile; productRef = CAC13AB029205E5100DD36A5 /* LeaguesDataProvider */; };
		CAC13AB329205E5600DD36A5 /* SeriesDataProvider in Frameworks */ = {isa = PBXBuildFile; productRef = CAC13AB229205E5600DD36A5 /* SeriesDataProvider */; };
		CAC56851291F54A100192D12 /* PreferenceService in Frameworks */ = {isa = PBXBuildFile; productRef = CAC56850291F54A100192D12 /* PreferenceService */; };
		CAC56853291F54A100192D12 /* RecentlyUsedService in Frameworks */ = {isa = PBXBuildFile; productRef = CAC56852291F54A100192D12 /* RecentlyUsedService */; };
		CAF80290295D67FC00B19459 /* FeatureFlagsService in Frameworks */ = {isa = PBXBuildFile; productRef = CAF8028F295D67FC00B19459 /* FeatureFlagsService */; };
/* End PBXBuildFile section */

/* Begin PBXFileReference section */
		CA2F033928F87C4100030BFE /* BowlingCompanion */ = {isa = PBXFileReference; lastKnownFileType = wrapper; path = BowlingCompanion; sourceTree = "<group>"; };
		CA8BBC5528D59B8B00653A1E /* BowlingCompanion.app */ = {isa = PBXFileReference; explicitFileType = wrapper.application; includeInIndex = 0; path = BowlingCompanion.app; sourceTree = BUILT_PRODUCTS_DIR; };
		CA8BBC5828D59B8B00653A1E /* BowlingCompanionApp.swift */ = {isa = PBXFileReference; lastKnownFileType = sourcecode.swift; path = BowlingCompanionApp.swift; sourceTree = "<group>"; };
		CA8BBC5A28D59B8B00653A1E /* ContentView.swift */ = {isa = PBXFileReference; lastKnownFileType = sourcecode.swift; path = ContentView.swift; sourceTree = "<group>"; };
		CA8BBC5C28D59B8C00653A1E /* Assets.xcassets */ = {isa = PBXFileReference; lastKnownFileType = folder.assetcatalog; path = Assets.xcassets; sourceTree = "<group>"; };
		CA8BBC5F28D59B8C00653A1E /* Preview Assets.xcassets */ = {isa = PBXFileReference; lastKnownFileType = folder.assetcatalog; path = "Preview Assets.xcassets"; sourceTree = "<group>"; };
		CAA0C8A929483D2E00384ED4 /* Localizable.stringsdict */ = {isa = PBXFileReference; lastKnownFileType = text.plist.stringsdict; path = Localizable.stringsdict; sourceTree = "<group>"; };
		CAA0C8AA29483D2E00384ED4 /* Localizable.strings */ = {isa = PBXFileReference; lastKnownFileType = text.plist.strings; path = Localizable.strings; sourceTree = "<group>"; };
/* End PBXFileReference section */

/* Begin PBXFrameworksBuildPhase section */
		CA8BBC5228D59B8B00653A1E /* Frameworks */ = {
			isa = PBXFrameworksBuildPhase;
			buildActionMask = 2147483647;
			files = (
				CA2890DE28F87FF2003C1EE9 /* AppFeature in Frameworks */,
				CA81F9E0293DAD0B0061D1D9 /* LanesDataProvider in Frameworks */,
				CA94DD642900B3AC00B81A87 /* FileManagerService in Frameworks */,
				CAC56851291F54A100192D12 /* PreferenceService in Frameworks */,
				CAC13AB129205E5100DD36A5 /* LeaguesDataProvider in Frameworks */,
				CA2890E328F8DA53003C1EE9 /* PersistenceService in Frameworks */,
				CAC13AB329205E5600DD36A5 /* SeriesDataProvider in Frameworks */,
				CAF80290295D67FC00B19459 /* FeatureFlagsService in Frameworks */,
				CAC13AA929203D6600DD36A5 /* AlleysDataProvider in Frameworks */,
				CAC13AAD29204EA000DD36A5 /* FramesDataProvider in Frameworks */,
				CAC13AAB292045B700DD36A5 /* BowlersDataProvider in Frameworks */,
				CAC56853291F54A100192D12 /* RecentlyUsedService in Frameworks */,
				CA1442322924582D00D39B86 /* GearDataProvider in Frameworks */,
				CAC13AAF29205E4E00DD36A5 /* GamesDataProvider in Frameworks */,
			);
			runOnlyForDeploymentPostprocessing = 0;
		};
/* End PBXFrameworksBuildPhase section */

/* Begin PBXGroup section */
		CA2890DC28F87FF2003C1EE9 /* Frameworks */ = {
			isa = PBXGroup;
			children = (
			);
			name = Frameworks;
			sourceTree = "<group>";
		};
		CA2F033828F8797100030BFE /* Source */ = {
			isa = PBXGroup;
			children = (
				CA8BBC5828D59B8B00653A1E /* BowlingCompanionApp.swift */,
				CA8BBC5A28D59B8B00653A1E /* ContentView.swift */,
			);
			path = Source;
			sourceTree = "<group>";
		};
		CA8BBC4C28D59B8B00653A1E = {
			isa = PBXGroup;
			children = (
				CA2F033928F87C4100030BFE /* BowlingCompanion */,
				CA8BBC5728D59B8B00653A1E /* BowlingCompanionIOS */,
				CA8BBC5628D59B8B00653A1E /* Products */,
				CA2890DC28F87FF2003C1EE9 /* Frameworks */,
			);
			sourceTree = "<group>";
		};
		CA8BBC5628D59B8B00653A1E /* Products */ = {
			isa = PBXGroup;
			children = (
				CA8BBC5528D59B8B00653A1E /* BowlingCompanion.app */,
			);
			name = Products;
			sourceTree = "<group>";
		};
		CA8BBC5728D59B8B00653A1E /* BowlingCompanionIOS */ = {
			isa = PBXGroup;
			children = (
				CA8BBC5C28D59B8C00653A1E /* Assets.xcassets */,
				CA8BBC5E28D59B8C00653A1E /* Preview Content */,
				CAA0C8AD29483D7D00384ED4 /* Resources */,
				CA2F033828F8797100030BFE /* Source */,
			);
			path = BowlingCompanionIOS;
			sourceTree = "<group>";
		};
		CA8BBC5E28D59B8C00653A1E /* Preview Content */ = {
			isa = PBXGroup;
			children = (
				CA8BBC5F28D59B8C00653A1E /* Preview Assets.xcassets */,
			);
			path = "Preview Content";
			sourceTree = "<group>";
		};
		CAA0C8AD29483D7D00384ED4 /* Resources */ = {
			isa = PBXGroup;
			children = (
				CAA0C8AA29483D2E00384ED4 /* Localizable.strings */,
				CAA0C8A929483D2E00384ED4 /* Localizable.stringsdict */,
			);
			path = Resources;
			sourceTree = "<group>";
		};
/* End PBXGroup section */

/* Begin PBXNativeTarget section */
		CA8BBC5428D59B8B00653A1E /* BowlingCompanion */ = {
			isa = PBXNativeTarget;
			buildConfigurationList = CA8BBC7928D59B8C00653A1E /* Build configuration list for PBXNativeTarget "BowlingCompanion" */;
			buildPhases = (
				CA2890DF28F882FC003C1EE9 /* SwiftLint */,
				CA8BBC5128D59B8B00653A1E /* Sources */,
				CA8BBC5228D59B8B00653A1E /* Frameworks */,
				CA8BBC5328D59B8B00653A1E /* Resources */,
			);
			buildRules = (
			);
			dependencies = (
			);
			name = BowlingCompanion;
			packageProductDependencies = (
				CA2890DD28F87FF2003C1EE9 /* AppFeature */,
				CA2890E228F8DA53003C1EE9 /* PersistenceService */,
				CA94DD632900B3AC00B81A87 /* FileManagerService */,
				CAC56850291F54A100192D12 /* PreferenceService */,
				CAC56852291F54A100192D12 /* RecentlyUsedService */,
				CAC13AA829203D6600DD36A5 /* AlleysDataProvider */,
				CAC13AAA292045B700DD36A5 /* BowlersDataProvider */,
				CAC13AAC29204EA000DD36A5 /* FramesDataProvider */,
				CAC13AAE29205E4E00DD36A5 /* GamesDataProvider */,
				CAC13AB029205E5100DD36A5 /* LeaguesDataProvider */,
				CAC13AB229205E5600DD36A5 /* SeriesDataProvider */,
				CA1442312924582D00D39B86 /* GearDataProvider */,
				CA81F9DF293DAD0B0061D1D9 /* LanesDataProvider */,
				CAF8028F295D67FC00B19459 /* FeatureFlagsService */,
			);
			productName = BowlingCompanion;
			productReference = CA8BBC5528D59B8B00653A1E /* BowlingCompanion.app */;
			productType = "com.apple.product-type.application";
		};
/* End PBXNativeTarget section */

/* Begin PBXProject section */
		CA8BBC4D28D59B8B00653A1E /* Project object */ = {
			isa = PBXProject;
			attributes = {
				BuildIndependentTargetsInParallel = 1;
				LastSwiftUpdateCheck = 1400;
				LastUpgradeCheck = 1400;
				TargetAttributes = {
					CA8BBC5428D59B8B00653A1E = {
						CreatedOnToolsVersion = 14.0;
					};
				};
			};
			buildConfigurationList = CA8BBC5028D59B8B00653A1E /* Build configuration list for PBXProject "BowlingCompanion" */;
			compatibilityVersion = "Xcode 14.0";
			developmentRegion = en;
			hasScannedForEncodings = 0;
			knownRegions = (
				en,
				Base,
			);
			mainGroup = CA8BBC4C28D59B8B00653A1E;
			productRefGroup = CA8BBC5628D59B8B00653A1E /* Products */;
			projectDirPath = "";
			projectRoot = "";
			targets = (
				CA8BBC5428D59B8B00653A1E /* BowlingCompanion */,
			);
		};
/* End PBXProject section */

/* Begin PBXResourcesBuildPhase section */
		CA8BBC5328D59B8B00653A1E /* Resources */ = {
			isa = PBXResourcesBuildPhase;
			buildActionMask = 2147483647;
			files = (
				CAA0C8AB29483D2E00384ED4 /* Localizable.stringsdict in Resources */,
				CAA0C8AC29483D2E00384ED4 /* Localizable.strings in Resources */,
				CA8BBC6028D59B8C00653A1E /* Preview Assets.xcassets in Resources */,
				CA8BBC5D28D59B8C00653A1E /* Assets.xcassets in Resources */,
			);
			runOnlyForDeploymentPostprocessing = 0;
		};
/* End PBXResourcesBuildPhase section */

/* Begin PBXShellScriptBuildPhase section */
		CA2890DF28F882FC003C1EE9 /* SwiftLint */ = {
			isa = PBXShellScriptBuildPhase;
			alwaysOutOfDate = 1;
			buildActionMask = 2147483647;
			files = (
			);
			inputFileListPaths = (
			);
			inputPaths = (
			);
			name = SwiftLint;
			outputFileListPaths = (
			);
			outputPaths = (
			);
			runOnlyForDeploymentPostprocessing = 0;
			shellPath = /bin/sh;
			shellScript = "if which swiftlint > /dev/null; then\n  swiftlint\nelse\n  echo \"warning: SwiftLint not installed, download from https://github.com/realm/SwiftLint\"\nfi\n";
		};
/* End PBXShellScriptBuildPhase section */

/* Begin PBXSourcesBuildPhase section */
		CA8BBC5128D59B8B00653A1E /* Sources */ = {
			isa = PBXSourcesBuildPhase;
			buildActionMask = 2147483647;
			files = (
				CA8BBC5B28D59B8B00653A1E /* ContentView.swift in Sources */,
				CA8BBC5928D59B8B00653A1E /* BowlingCompanionApp.swift in Sources */,
			);
			runOnlyForDeploymentPostprocessing = 0;
		};
/* End PBXSourcesBuildPhase section */

/* Begin XCBuildConfiguration section */
		CA8BBC7728D59B8C00653A1E /* Debug */ = {
			isa = XCBuildConfiguration;
			buildSettings = {
				ALWAYS_SEARCH_USER_PATHS = NO;
				CLANG_ANALYZER_NONNULL = YES;
				CLANG_ANALYZER_NUMBER_OBJECT_CONVERSION = YES_AGGRESSIVE;
				CLANG_CXX_LANGUAGE_STANDARD = "gnu++20";
				CLANG_ENABLE_MODULES = YES;
				CLANG_ENABLE_OBJC_ARC = YES;
				CLANG_ENABLE_OBJC_WEAK = YES;
				CLANG_WARN_BLOCK_CAPTURE_AUTORELEASING = YES;
				CLANG_WARN_BOOL_CONVERSION = YES;
				CLANG_WARN_COMMA = YES;
				CLANG_WARN_CONSTANT_CONVERSION = YES;
				CLANG_WARN_DEPRECATED_OBJC_IMPLEMENTATIONS = YES;
				CLANG_WARN_DIRECT_OBJC_ISA_USAGE = YES_ERROR;
				CLANG_WARN_DOCUMENTATION_COMMENTS = YES;
				CLANG_WARN_EMPTY_BODY = YES;
				CLANG_WARN_ENUM_CONVERSION = YES;
				CLANG_WARN_INFINITE_RECURSION = YES;
				CLANG_WARN_INT_CONVERSION = YES;
				CLANG_WARN_NON_LITERAL_NULL_CONVERSION = YES;
				CLANG_WARN_OBJC_IMPLICIT_RETAIN_SELF = YES;
				CLANG_WARN_OBJC_LITERAL_CONVERSION = YES;
				CLANG_WARN_OBJC_ROOT_CLASS = YES_ERROR;
				CLANG_WARN_QUOTED_INCLUDE_IN_FRAMEWORK_HEADER = YES;
				CLANG_WARN_RANGE_LOOP_ANALYSIS = YES;
				CLANG_WARN_STRICT_PROTOTYPES = YES;
				CLANG_WARN_SUSPICIOUS_MOVE = YES;
				CLANG_WARN_UNGUARDED_AVAILABILITY = YES_AGGRESSIVE;
				CLANG_WARN_UNREACHABLE_CODE = YES;
				CLANG_WARN__DUPLICATE_METHOD_MATCH = YES;
				COPY_PHASE_STRIP = NO;
				DEBUG_INFORMATION_FORMAT = dwarf;
				ENABLE_STRICT_OBJC_MSGSEND = YES;
				ENABLE_TESTABILITY = YES;
				GCC_C_LANGUAGE_STANDARD = gnu11;
				GCC_DYNAMIC_NO_PIC = NO;
				GCC_NO_COMMON_BLOCKS = YES;
				GCC_OPTIMIZATION_LEVEL = 0;
				GCC_PREPROCESSOR_DEFINITIONS = (
					"DEBUG=1",
					"$(inherited)",
				);
				GCC_WARN_64_TO_32_BIT_CONVERSION = YES;
				GCC_WARN_ABOUT_RETURN_TYPE = YES_ERROR;
				GCC_WARN_UNDECLARED_SELECTOR = YES;
				GCC_WARN_UNINITIALIZED_AUTOS = YES_AGGRESSIVE;
				GCC_WARN_UNUSED_FUNCTION = YES;
				GCC_WARN_UNUSED_VARIABLE = YES;
				IPHONEOS_DEPLOYMENT_TARGET = 16.0;
				MTL_ENABLE_DEBUG_INFO = INCLUDE_SOURCE;
				MTL_FAST_MATH = YES;
				ONLY_ACTIVE_ARCH = YES;
				SDKROOT = iphoneos;
				SWIFT_ACTIVE_COMPILATION_CONDITIONS = DEBUG;
				SWIFT_OPTIMIZATION_LEVEL = "-Onone";
			};
			name = Debug;
		};
		CA8BBC7828D59B8C00653A1E /* Release */ = {
			isa = XCBuildConfiguration;
			buildSettings = {
				ALWAYS_SEARCH_USER_PATHS = NO;
				CLANG_ANALYZER_NONNULL = YES;
				CLANG_ANALYZER_NUMBER_OBJECT_CONVERSION = YES_AGGRESSIVE;
				CLANG_CXX_LANGUAGE_STANDARD = "gnu++20";
				CLANG_ENABLE_MODULES = YES;
				CLANG_ENABLE_OBJC_ARC = YES;
				CLANG_ENABLE_OBJC_WEAK = YES;
				CLANG_WARN_BLOCK_CAPTURE_AUTORELEASING = YES;
				CLANG_WARN_BOOL_CONVERSION = YES;
				CLANG_WARN_COMMA = YES;
				CLANG_WARN_CONSTANT_CONVERSION = YES;
				CLANG_WARN_DEPRECATED_OBJC_IMPLEMENTATIONS = YES;
				CLANG_WARN_DIRECT_OBJC_ISA_USAGE = YES_ERROR;
				CLANG_WARN_DOCUMENTATION_COMMENTS = YES;
				CLANG_WARN_EMPTY_BODY = YES;
				CLANG_WARN_ENUM_CONVERSION = YES;
				CLANG_WARN_INFINITE_RECURSION = YES;
				CLANG_WARN_INT_CONVERSION = YES;
				CLANG_WARN_NON_LITERAL_NULL_CONVERSION = YES;
				CLANG_WARN_OBJC_IMPLICIT_RETAIN_SELF = YES;
				CLANG_WARN_OBJC_LITERAL_CONVERSION = YES;
				CLANG_WARN_OBJC_ROOT_CLASS = YES_ERROR;
				CLANG_WARN_QUOTED_INCLUDE_IN_FRAMEWORK_HEADER = YES;
				CLANG_WARN_RANGE_LOOP_ANALYSIS = YES;
				CLANG_WARN_STRICT_PROTOTYPES = YES;
				CLANG_WARN_SUSPICIOUS_MOVE = YES;
				CLANG_WARN_UNGUARDED_AVAILABILITY = YES_AGGRESSIVE;
				CLANG_WARN_UNREACHABLE_CODE = YES;
				CLANG_WARN__DUPLICATE_METHOD_MATCH = YES;
				COPY_PHASE_STRIP = NO;
				DEBUG_INFORMATION_FORMAT = "dwarf-with-dsym";
				ENABLE_NS_ASSERTIONS = NO;
				ENABLE_STRICT_OBJC_MSGSEND = YES;
				GCC_C_LANGUAGE_STANDARD = gnu11;
				GCC_NO_COMMON_BLOCKS = YES;
				GCC_WARN_64_TO_32_BIT_CONVERSION = YES;
				GCC_WARN_ABOUT_RETURN_TYPE = YES_ERROR;
				GCC_WARN_UNDECLARED_SELECTOR = YES;
				GCC_WARN_UNINITIALIZED_AUTOS = YES_AGGRESSIVE;
				GCC_WARN_UNUSED_FUNCTION = YES;
				GCC_WARN_UNUSED_VARIABLE = YES;
				IPHONEOS_DEPLOYMENT_TARGET = 16.0;
				MTL_ENABLE_DEBUG_INFO = NO;
				MTL_FAST_MATH = YES;
				SDKROOT = iphoneos;
				SWIFT_COMPILATION_MODE = wholemodule;
				SWIFT_OPTIMIZATION_LEVEL = "-O";
				VALIDATE_PRODUCT = YES;
			};
			name = Release;
		};
		CA8BBC7A28D59B8C00653A1E /* Debug */ = {
			isa = XCBuildConfiguration;
			buildSettings = {
				ASSETCATALOG_COMPILER_APPICON_NAME = AppIcon;
				ASSETCATALOG_COMPILER_GLOBAL_ACCENT_COLOR_NAME = AccentColor;
				CODE_SIGN_STYLE = Automatic;
				CURRENT_PROJECT_VERSION = 1;
				DEVELOPMENT_ASSET_PATHS = "\"BowlingCompanionIOS/Preview Content\"";
				DEVELOPMENT_TEAM = 3UBRXR267C;
				ENABLE_PREVIEWS = YES;
				GENERATE_INFOPLIST_FILE = YES;
				INFOPLIST_FILE = BowlingCompanion/Info.plist;
				INFOPLIST_KEY_UIApplicationSceneManifest_Generation = YES;
				INFOPLIST_KEY_UIApplicationSupportsIndirectInputEvents = YES;
				INFOPLIST_KEY_UILaunchScreen_Generation = YES;
				INFOPLIST_KEY_UISupportedInterfaceOrientations = UIInterfaceOrientationPortrait;
				INFOPLIST_KEY_UISupportedInterfaceOrientations_iPad = "UIInterfaceOrientationLandscapeLeft UIInterfaceOrientationLandscapeRight UIInterfaceOrientationPortrait UIInterfaceOrientationPortraitUpsideDown";
				LD_RUNPATH_SEARCH_PATHS = (
					"$(inherited)",
					"@executable_path/Frameworks",
				);
				MARKETING_VERSION = 1.0;
				PRODUCT_BUNDLE_IDENTIFIER = ca.josephroque.BowlingCompanion;
				PRODUCT_NAME = "$(TARGET_NAME)";
				SWIFT_EMIT_LOC_STRINGS = YES;
				SWIFT_VERSION = 5.0;
				TARGETED_DEVICE_FAMILY = "1,2";
			};
			name = Debug;
		};
		CA8BBC7B28D59B8C00653A1E /* Release */ = {
			isa = XCBuildConfiguration;
			buildSettings = {
				ASSETCATALOG_COMPILER_APPICON_NAME = AppIcon;
				ASSETCATALOG_COMPILER_GLOBAL_ACCENT_COLOR_NAME = AccentColor;
				CODE_SIGN_STYLE = Automatic;
				CURRENT_PROJECT_VERSION = 1;
				DEVELOPMENT_ASSET_PATHS = "\"BowlingCompanionIOS/Preview Content\"";
				DEVELOPMENT_TEAM = 3UBRXR267C;
				ENABLE_PREVIEWS = YES;
				GENERATE_INFOPLIST_FILE = YES;
				INFOPLIST_FILE = BowlingCompanion/Info.plist;
				INFOPLIST_KEY_UIApplicationSceneManifest_Generation = YES;
				INFOPLIST_KEY_UIApplicationSupportsIndirectInputEvents = YES;
				INFOPLIST_KEY_UILaunchScreen_Generation = YES;
				INFOPLIST_KEY_UISupportedInterfaceOrientations = UIInterfaceOrientationPortrait;
				INFOPLIST_KEY_UISupportedInterfaceOrientations_iPad = "UIInterfaceOrientationLandscapeLeft UIInterfaceOrientationLandscapeRight UIInterfaceOrientationPortrait UIInterfaceOrientationPortraitUpsideDown";
				LD_RUNPATH_SEARCH_PATHS = (
					"$(inherited)",
					"@executable_path/Frameworks",
				);
				MARKETING_VERSION = 1.0;
				PRODUCT_BUNDLE_IDENTIFIER = ca.josephroque.BowlingCompanion;
				PRODUCT_NAME = "$(TARGET_NAME)";
				SWIFT_EMIT_LOC_STRINGS = YES;
				SWIFT_VERSION = 5.0;
				TARGETED_DEVICE_FAMILY = "1,2";
			};
			name = Release;
		};
/* End XCBuildConfiguration section */

/* Begin XCConfigurationList section */
		CA8BBC5028D59B8B00653A1E /* Build configuration list for PBXProject "BowlingCompanion" */ = {
			isa = XCConfigurationList;
			buildConfigurations = (
				CA8BBC7728D59B8C00653A1E /* Debug */,
				CA8BBC7828D59B8C00653A1E /* Release */,
			);
			defaultConfigurationIsVisible = 0;
			defaultConfigurationName = Release;
		};
		CA8BBC7928D59B8C00653A1E /* Build configuration list for PBXNativeTarget "BowlingCompanion" */ = {
			isa = XCConfigurationList;
			buildConfigurations = (
				CA8BBC7A28D59B8C00653A1E /* Debug */,
				CA8BBC7B28D59B8C00653A1E /* Release */,
			);
			defaultConfigurationIsVisible = 0;
			defaultConfigurationName = Release;
		};
/* End XCConfigurationList section */

/* Begin XCSwiftPackageProductDependency section */
		CA1442312924582D00D39B86 /* GearDataProvider */ = {
			isa = XCSwiftPackageProductDependency;
			productName = GearDataProvider;
		};
		CA2890DD28F87FF2003C1EE9 /* AppFeature */ = {
			isa = XCSwiftPackageProductDependency;
			productName = AppFeature;
		};
		CA2890E228F8DA53003C1EE9 /* PersistenceService */ = {
			isa = XCSwiftPackageProductDependency;
			productName = PersistenceService;
		};
		CA81F9DF293DAD0B0061D1D9 /* LanesDataProvider */ = {
			isa = XCSwiftPackageProductDependency;
			productName = LanesDataProvider;
		};
		CA94DD632900B3AC00B81A87 /* FileManagerService */ = {
			isa = XCSwiftPackageProductDependency;
			productName = FileManagerService;
		};
		CAC13AA829203D6600DD36A5 /* AlleysDataProvider */ = {
			isa = XCSwiftPackageProductDependency;
			productName = AlleysDataProvider;
		};
		CAC13AAA292045B700DD36A5 /* BowlersDataProvider */ = {
			isa = XCSwiftPackageProductDependency;
			productName = BowlersDataProvider;
		};
		CAC13AAC29204EA000DD36A5 /* FramesDataProvider */ = {
			isa = XCSwiftPackageProductDependency;
			productName = FramesDataProvider;
		};
		CAC13AAE29205E4E00DD36A5 /* GamesDataProvider */ = {
			isa = XCSwiftPackageProductDependency;
			productName = GamesDataProvider;
		};
		CAC13AB029205E5100DD36A5 /* LeaguesDataProvider */ = {
			isa = XCSwiftPackageProductDependency;
			productName = LeaguesDataProvider;
		};
		CAC13AB229205E5600DD36A5 /* SeriesDataProvider */ = {
			isa = XCSwiftPackageProductDependency;
			productName = SeriesDataProvider;
		};
		CAC56850291F54A100192D12 /* PreferenceService */ = {
			isa = XCSwiftPackageProductDependency;
			productName = PreferenceService;
		};
		CAC56852291F54A100192D12 /* RecentlyUsedService */ = {
			isa = XCSwiftPackageProductDependency;
			productName = RecentlyUsedService;
		};
		CAF8028F295D67FC00B19459 /* FeatureFlagsService */ = {
			isa = XCSwiftPackageProductDependency;
			productName = FeatureFlagsService;
		};
/* End XCSwiftPackageProductDependency section */
	};
	rootObject = CA8BBC4D28D59B8B00653A1E /* Project object */;
}
