<?xml version="1.0" encoding="UTF-8"?>
<Scheme
   LastUpgradeVersion = "1410"
   version = "1.3">
   <BuildAction
      parallelizeBuildables = "YES"
      buildImplicitDependencies = "YES">
      <BuildActionEntries>
         <BuildActionEntry
            buildForTesting = "YES"
            buildForRunning = "YES"
            buildForProfiling = "YES"
            buildForArchiving = "YES"
            buildForAnalyzing = "YES">
            <BuildableReference
               BuildableIdentifier = "primary"
               BlueprintIdentifier = "CA8BBC5428D59B8B00653A1E"
               BuildableName = "Approach.app"
               BlueprintName = "Approach"
               ReferencedContainer = "container:Approach.xcodeproj">
            </BuildableReference>
         </BuildActionEntry>
      </BuildActionEntries>
   </BuildAction>
   <TestAction
      buildConfiguration = "Debug"
      selectedDebuggerIdentifier = "Xcode.DebuggerFoundation.Debugger.LLDB"
      selectedLauncherIdentifier = "Xcode.DebuggerFoundation.Launcher.LLDB"
      shouldUseLaunchSchemeArgsEnv = "NO">
      <Testables>
         <TestableReference
            skipped = "NO">
            <BuildableReference
               BuildableIdentifier = "primary"
               BlueprintIdentifier = "SortingLibraryTests"
               BuildableName = "SortingLibraryTests"
               BlueprintName = "SortingLibraryTests"
               ReferencedContainer = "container:Approach">
            </BuildableReference>
         </TestableReference>
         <TestableReference
            skipped = "NO">
            <BuildableReference
               BuildableIdentifier = "primary"
               BlueprintIdentifier = "ViewsLibraryTests"
               BuildableName = "ViewsLibraryTests"
               BlueprintName = "ViewsLibraryTests"
               ReferencedContainer = "container:Approach">
            </BuildableReference>
         </TestableReference>
         <TestableReference
            skipped = "NO">
            <BuildableReference
               BuildableIdentifier = "primary"
               BlueprintIdentifier = "SwiftUIExtensionsLibraryTests"
               BuildableName = "SwiftUIExtensionsLibraryTests"
               BlueprintName = "SwiftUIExtensionsLibraryTests"
               ReferencedContainer = "container:Approach">
            </BuildableReference>
         </TestableReference>
         <TestableReference
            skipped = "NO">
            <BuildableReference
               BuildableIdentifier = "primary"
               BlueprintIdentifier = "SharedModelsViewsLibraryTests"
               BuildableName = "SharedModelsViewsLibraryTests"
               BlueprintName = "SharedModelsViewsLibraryTests"
               ReferencedContainer = "container:Approach">
            </BuildableReference>
         </TestableReference>
         <TestableReference
            skipped = "NO">
            <BuildableReference
               BuildableIdentifier = "primary"
               BlueprintIdentifier = "FeatureFlagsLibraryTests"
               BuildableName = "FeatureFlagsLibraryTests"
               BlueprintName = "FeatureFlagsLibraryTests"
               ReferencedContainer = "container:Approach">
            </BuildableReference>
         </TestableReference>
         <TestableReference
            skipped = "NO">
            <BuildableReference
               BuildableIdentifier = "primary"
               BlueprintIdentifier = "DateTimeLibraryTests"
               BuildableName = "DateTimeLibraryTests"
               BlueprintName = "DateTimeLibraryTests"
               ReferencedContainer = "container:Approach">
            </BuildableReference>
         </TestableReference>
         <TestableReference
            skipped = "NO">
            <BuildableReference
               BuildableIdentifier = "primary"
               BlueprintIdentifier = "RecentlyUsedServiceTests"
               BuildableName = "RecentlyUsedServiceTests"
               BlueprintName = "RecentlyUsedServiceTests"
               ReferencedContainer = "container:Approach">
            </BuildableReference>
         </TestableReference>
         <TestableReference
            skipped = "NO">
            <BuildableReference
               BuildableIdentifier = "primary"
               BlueprintIdentifier = "PreferenceServiceTests"
               BuildableName = "PreferenceServiceTests"
               BlueprintName = "PreferenceServiceTests"
               ReferencedContainer = "container:Approach">
            </BuildableReference>
         </TestableReference>
         <TestableReference
            skipped = "NO">
            <BuildableReference
               BuildableIdentifier = "primary"
               BlueprintIdentifier = "FileManagerServiceTests"
               BuildableName = "FileManagerServiceTests"
               BlueprintName = "FileManagerServiceTests"
               ReferencedContainer = "container:Approach">
            </BuildableReference>
         </TestableReference>
         <TestableReference
            skipped = "NO">
            <BuildableReference
               BuildableIdentifier = "primary"
               BlueprintIdentifier = "FeatureFlagsServiceTests"
               BuildableName = "FeatureFlagsServiceTests"
               BlueprintName = "FeatureFlagsServiceTests"
               ReferencedContainer = "container:Approach">
            </BuildableReference>
         </TestableReference>
         <TestableReference
            skipped = "NO">
            <BuildableReference
               BuildableIdentifier = "primary"
               BlueprintIdentifier = "SortOrderLibraryTests"
               BuildableName = "SortOrderLibraryTests"
               BlueprintName = "SortOrderLibraryTests"
               ReferencedContainer = "container:Approach">
            </BuildableReference>
         </TestableReference>
         <TestableReference
            skipped = "NO">
            <BuildableReference
               BuildableIdentifier = "primary"
               BlueprintIdentifier = "TeamsDataProviderTests"
               BuildableName = "TeamsDataProviderTests"
               BlueprintName = "TeamsDataProviderTests"
               ReferencedContainer = "container:Approach">
            </BuildableReference>
         </TestableReference>
         <TestableReference
            skipped = "NO">
            <BuildableReference
               BuildableIdentifier = "primary"
               BlueprintIdentifier = "OpponentsDataProviderTests"
               BuildableName = "OpponentsDataProviderTests"
               BlueprintName = "OpponentsDataProviderTests"
               ReferencedContainer = "container:Approach">
            </BuildableReference>
         </TestableReference>
         <TestableReference
            skipped = "NO">
            <BuildableReference
               BuildableIdentifier = "primary"
               BlueprintIdentifier = "EquatableLibraryTests"
               BuildableName = "EquatableLibraryTests"
               BlueprintName = "EquatableLibraryTests"
               ReferencedContainer = "container:Approach">
            </BuildableReference>
         </TestableReference>
         <TestableReference
            skipped = "NO">
            <BuildableReference
               BuildableIdentifier = "primary"
               BlueprintIdentifier = "ResourceListLibraryTests"
               BuildableName = "ResourceListLibraryTests"
               BlueprintName = "ResourceListLibraryTests"
               ReferencedContainer = "container:Approach">
            </BuildableReference>
         </TestableReference>
         <TestableReference
            skipped = "NO">
            <BuildableReference
               BuildableIdentifier = "primary"
               BlueprintIdentifier = "AnalyticsServiceTests"
               BuildableName = "AnalyticsServiceTests"
               BlueprintName = "AnalyticsServiceTests"
               ReferencedContainer = "container:Approach">
            </BuildableReference>
         </TestableReference>
      </Testables>
   </TestAction>
   <LaunchAction
      buildConfiguration = "Debug"
      selectedDebuggerIdentifier = "Xcode.DebuggerFoundation.Debugger.LLDB"
      selectedLauncherIdentifier = "Xcode.DebuggerFoundation.Launcher.LLDB"
      launchStyle = "0"
      useCustomWorkingDirectory = "NO"
      ignoresPersistentStateOnLaunch = "NO"
      debugDocumentVersioning = "YES"
      debugServiceExtension = "internal"
      allowLocationSimulation = "YES">
      <BuildableProductRunnable
         runnableDebuggingMode = "0">
         <BuildableReference
            BuildableIdentifier = "primary"
            BlueprintIdentifier = "CA8BBC5428D59B8B00653A1E"
            BuildableName = "Approach.app"
            BlueprintName = "Approach"
            ReferencedContainer = "container:Approach.xcodeproj">
         </BuildableReference>
      </BuildableProductRunnable>
   </LaunchAction>
   <ProfileAction
      buildConfiguration = "Release"
      shouldUseLaunchSchemeArgsEnv = "YES"
      savedToolIdentifier = ""
      useCustomWorkingDirectory = "NO"
      debugDocumentVersioning = "YES">
      <BuildableProductRunnable
         runnableDebuggingMode = "0">
         <BuildableReference
            BuildableIdentifier = "primary"
            BlueprintIdentifier = "CA8BBC5428D59B8B00653A1E"
            BuildableName = "Approach.app"
            BlueprintName = "Approach"
            ReferencedContainer = "container:Approach.xcodeproj">
         </BuildableReference>
      </BuildableProductRunnable>
   </ProfileAction>
   <AnalyzeAction
      buildConfiguration = "Debug">
   </AnalyzeAction>
   <ArchiveAction
      buildConfiguration = "Release"
      revealArchiveInOrganizer = "YES">
   </ArchiveAction>
</Scheme>
