<?xml version="1.0" encoding="UTF-8"?>
<Scheme
   LastUpgradeVersion = "1420"
   version = "1.3">
   <BuildAction
      parallelizeBuildables = "YES"
      buildImplicitDependencies = "YES">
      <BuildActionEntries>
         <BuildActionEntry
            buildForTesting = "YES"
            buildForRunning = "NO"
            buildForProfiling = "NO"
            buildForArchiving = "NO"
            buildForAnalyzing = "NO">
            <BuildableReference
               BuildableIdentifier = "primary"
               BlueprintIdentifier = "GamesEditorFeatureTests"
               BuildableName = "GamesEditorFeatureTests"
               BlueprintName = "GamesEditorFeatureTests"
               ReferencedContainer = "container:Approach">
            </BuildableReference>
         </BuildActionEntry>
         <BuildActionEntry
            buildForTesting = "YES"
            buildForRunning = "NO"
            buildForProfiling = "NO"
            buildForArchiving = "NO"
            buildForAnalyzing = "NO">
            <BuildableReference
               BuildableIdentifier = "primary"
               BlueprintIdentifier = "GamesListFeatureTests"
               BuildableName = "GamesListFeatureTests"
               BlueprintName = "GamesListFeatureTests"
               ReferencedContainer = "container:Approach">
            </BuildableReference>
         </BuildActionEntry>
      </BuildActionEntries>
   </BuildAction>
   <TestAction
      buildConfiguration = "Debug"
      selectedDebuggerIdentifier = "Xcode.DebuggerFoundation.Debugger.LLDB"
      selectedLauncherIdentifier = "Xcode.DebuggerFoundation.Launcher.LLDB"
      shouldUseLaunchSchemeArgsEnv = "YES">
      <Testables>
         <TestableReference
            skipped = "NO"
            parallelizable = "YES">
            <BuildableReference
               BuildableIdentifier = "primary"
               BlueprintIdentifier = "CA208F9829BA76730018DDE1"
               BuildableName = "ApproachFeatureTests.xctest"
               BlueprintName = "ApproachFeatureTests"
               ReferencedContainer = "container:Approach.xcodeproj">
            </BuildableReference>
         </TestableReference>
         <TestableReference
            skipped = "NO">
            <BuildableReference
               BuildableIdentifier = "primary"
               BlueprintIdentifier = "AlleyEditorFeatureTests"
               BuildableName = "AlleyEditorFeatureTests"
               BlueprintName = "AlleyEditorFeatureTests"
               ReferencedContainer = "container:Approach">
            </BuildableReference>
         </TestableReference>
         <TestableReference
            skipped = "NO">
            <BuildableReference
               BuildableIdentifier = "primary"
               BlueprintIdentifier = "AlleysListFeatureTests"
               BuildableName = "AlleysListFeatureTests"
               BlueprintName = "AlleysListFeatureTests"
               ReferencedContainer = "container:Approach">
            </BuildableReference>
         </TestableReference>
         <TestableReference
            skipped = "NO">
            <BuildableReference
               BuildableIdentifier = "primary"
               BlueprintIdentifier = "AppFeatureTests"
               BuildableName = "AppFeatureTests"
               BlueprintName = "AppFeatureTests"
               ReferencedContainer = "container:Approach">
            </BuildableReference>
         </TestableReference>
         <TestableReference
            skipped = "NO">
            <BuildableReference
               BuildableIdentifier = "primary"
               BlueprintIdentifier = "AvatarEditorFeatureTests"
               BuildableName = "AvatarEditorFeatureTests"
               BlueprintName = "AvatarEditorFeatureTests"
               ReferencedContainer = "container:Approach">
            </BuildableReference>
         </TestableReference>
         <TestableReference
            skipped = "NO">
            <BuildableReference
               BuildableIdentifier = "primary"
               BlueprintIdentifier = "BowlerEditorFeatureTests"
               BuildableName = "BowlerEditorFeatureTests"
               BlueprintName = "BowlerEditorFeatureTests"
               ReferencedContainer = "container:Approach">
            </BuildableReference>
         </TestableReference>
         <TestableReference
            skipped = "NO">
            <BuildableReference
               BuildableIdentifier = "primary"
               BlueprintIdentifier = "BowlersListFeatureTests"
               BuildableName = "BowlersListFeatureTests"
               BlueprintName = "BowlersListFeatureTests"
               ReferencedContainer = "container:Approach">
            </BuildableReference>
         </TestableReference>
         <TestableReference
            skipped = "NO">
            <BuildableReference
               BuildableIdentifier = "primary"
               BlueprintIdentifier = "FeatureFlagsListFeatureTests"
               BuildableName = "FeatureFlagsListFeatureTests"
               BlueprintName = "FeatureFlagsListFeatureTests"
               ReferencedContainer = "container:Approach">
            </BuildableReference>
         </TestableReference>
         <TestableReference
            skipped = "NO">
            <BuildableReference
               BuildableIdentifier = "primary"
               BlueprintIdentifier = "GearEditorFeatureTests"
               BuildableName = "GearEditorFeatureTests"
               BlueprintName = "GearEditorFeatureTests"
               ReferencedContainer = "container:Approach">
            </BuildableReference>
         </TestableReference>
         <TestableReference
            skipped = "NO">
            <BuildableReference
               BuildableIdentifier = "primary"
               BlueprintIdentifier = "GearListFeatureTests"
               BuildableName = "GearListFeatureTests"
               BlueprintName = "GearListFeatureTests"
               ReferencedContainer = "container:Approach">
            </BuildableReference>
         </TestableReference>
         <TestableReference
            skipped = "NO">
            <BuildableReference
               BuildableIdentifier = "primary"
               BlueprintIdentifier = "LaneEditorFeatureTests"
               BuildableName = "LaneEditorFeatureTests"
               BlueprintName = "LaneEditorFeatureTests"
               ReferencedContainer = "container:Approach">
            </BuildableReference>
         </TestableReference>
         <TestableReference
            skipped = "NO">
            <BuildableReference
               BuildableIdentifier = "primary"
               BlueprintIdentifier = "LeagueEditorFeatureTests"
               BuildableName = "LeagueEditorFeatureTests"
               BlueprintName = "LeagueEditorFeatureTests"
               ReferencedContainer = "container:Approach">
            </BuildableReference>
         </TestableReference>
         <TestableReference
            skipped = "NO">
            <BuildableReference
               BuildableIdentifier = "primary"
               BlueprintIdentifier = "LeaguesListFeatureTests"
               BuildableName = "LeaguesListFeatureTests"
               BlueprintName = "LeaguesListFeatureTests"
               ReferencedContainer = "container:Approach">
            </BuildableReference>
         </TestableReference>
         <TestableReference
            skipped = "NO">
            <BuildableReference
               BuildableIdentifier = "primary"
               BlueprintIdentifier = "OpponentEditorFeatureTests"
               BuildableName = "OpponentEditorFeatureTests"
               BlueprintName = "OpponentEditorFeatureTests"
               ReferencedContainer = "container:Approach">
            </BuildableReference>
         </TestableReference>
         <TestableReference
            skipped = "NO">
            <BuildableReference
               BuildableIdentifier = "primary"
               BlueprintIdentifier = "OpponentsListFeatureTests"
               BuildableName = "OpponentsListFeatureTests"
               BlueprintName = "OpponentsListFeatureTests"
               ReferencedContainer = "container:Approach">
            </BuildableReference>
         </TestableReference>
         <TestableReference
            skipped = "NO">
            <BuildableReference
               BuildableIdentifier = "primary"
               BlueprintIdentifier = "ScoreSheetFeatureTests"
               BuildableName = "ScoreSheetFeatureTests"
               BlueprintName = "ScoreSheetFeatureTests"
               ReferencedContainer = "container:Approach">
            </BuildableReference>
         </TestableReference>
         <TestableReference
            skipped = "NO">
            <BuildableReference
               BuildableIdentifier = "primary"
               BlueprintIdentifier = "SeriesEditorFeatureTests"
               BuildableName = "SeriesEditorFeatureTests"
               BlueprintName = "SeriesEditorFeatureTests"
               ReferencedContainer = "container:Approach">
            </BuildableReference>
         </TestableReference>
         <TestableReference
            skipped = "NO">
            <BuildableReference
               BuildableIdentifier = "primary"
               BlueprintIdentifier = "SeriesListFeatureTests"
               BuildableName = "SeriesListFeatureTests"
               BlueprintName = "SeriesListFeatureTests"
               ReferencedContainer = "container:Approach">
            </BuildableReference>
         </TestableReference>
         <TestableReference
            skipped = "NO">
            <BuildableReference
               BuildableIdentifier = "primary"
               BlueprintIdentifier = "SettingsFeatureTests"
               BuildableName = "SettingsFeatureTests"
               BlueprintName = "SettingsFeatureTests"
               ReferencedContainer = "container:Approach">
            </BuildableReference>
         </TestableReference>
         <TestableReference
            skipped = "NO">
            <BuildableReference
               BuildableIdentifier = "primary"
               BlueprintIdentifier = "StatisticsWidgetsFeatureTests"
               BuildableName = "StatisticsWidgetsFeatureTests"
               BlueprintName = "StatisticsWidgetsFeatureTests"
               ReferencedContainer = "container:Approach">
            </BuildableReference>
         </TestableReference>
         <TestableReference
            skipped = "NO">
            <BuildableReference
               BuildableIdentifier = "primary"
               BlueprintIdentifier = "TeamEditorFeatureTests"
               BuildableName = "TeamEditorFeatureTests"
               BlueprintName = "TeamEditorFeatureTests"
               ReferencedContainer = "container:Approach">
            </BuildableReference>
         </TestableReference>
         <TestableReference
            skipped = "NO">
            <BuildableReference
               BuildableIdentifier = "primary"
               BlueprintIdentifier = "TeamsListFeatureTests"
               BuildableName = "TeamsListFeatureTests"
               BlueprintName = "TeamsListFeatureTests"
               ReferencedContainer = "container:Approach">
            </BuildableReference>
         </TestableReference>
      </Testables>
   </TestAction>
   <LaunchAction
      buildConfiguration = "Debug"
      selectedDebuggerIdentifier = "Xcode.DebuggerFoundation.Debugger.LLDB"
      selectedLauncherIdentifier = "Xcode.DebuggerFoundation.Launcher.LLDB"
      launchStyle = "0"
      useCustomWorkingDirectory = "NO"
      ignoresPersistentStateOnLaunch = "NO"
      debugDocumentVersioning = "YES"
      debugServiceExtension = "internal"
      allowLocationSimulation = "YES">
   </LaunchAction>
   <ProfileAction
      buildConfiguration = "Release"
      shouldUseLaunchSchemeArgsEnv = "YES"
      savedToolIdentifier = ""
      useCustomWorkingDirectory = "NO"
      debugDocumentVersioning = "YES">
   </ProfileAction>
   <AnalyzeAction
      buildConfiguration = "Debug">
   </AnalyzeAction>
   <ArchiveAction
      buildConfiguration = "Release"
      revealArchiveInOrganizer = "YES">
   </ArchiveAction>
</Scheme>
