// !$*UTF8*$!
{
	archiveVersion = 1;
	classes = {
	};
	objectVersion = 56;
	objects = {

/* Begin PBXBuildFile section */
		CA2890DE28F87FF2003C1EE9 /* AppFeature in Frameworks */ = {isa = PBXBuildFile; productRef = CA2890DD28F87FF2003C1EE9 /* AppFeature */; };
		CA28CC972CD066EF00731AB1 /* CodableService in Frameworks */ = {isa = PBXBuildFile; productRef = CA28CC962CD066EF00731AB1 /* CodableService */; };
		CA2B781F2AABC9E10044487E /* ScoresRepository in Frameworks */ = {isa = PBXBuildFile; productRef = CA2B781E2AABC9E10044487E /* ScoresRepository */; };
		CA2B78212AABC9EC0044487E /* ScoresRepository in Frameworks */ = {isa = PBXBuildFile; productRef = CA2B78202AABC9EC0044487E /* ScoresRepository */; };
		CA2FA1552A2559C3008341A5 /* NotificationsService in Frameworks */ = {isa = PBXBuildFile; productRef = CA2FA1542A2559C3008341A5 /* NotificationsService */; };
		CA2FCE912A14908C0061A7FE /* MatchPlaysRepository in Frameworks */ = {isa = PBXBuildFile; productRef = CA2FCE902A14908C0061A7FE /* MatchPlaysRepository */; };
		CA2FCE932A1490910061A7FE /* MatchPlaysRepository in Frameworks */ = {isa = PBXBuildFile; productRef = CA2FCE922A1490910061A7FE /* MatchPlaysRepository */; };
		CA30F8E22B2670A100A80543 /* LaunchService in Frameworks */ = {isa = PBXBuildFile; productRef = CA30F8E12B2670A100A80543 /* LaunchService */; };
		CA318B402999E1F500BD4BEC /* AnalyticsService in Frameworks */ = {isa = PBXBuildFile; productRef = CA318B3F2999E1F500BD4BEC /* AnalyticsService */; };
		CA439E5029E2949400B09020 /* AlleysRepository in Frameworks */ = {isa = PBXBuildFile; productRef = CA439E4F29E2949400B09020 /* AlleysRepository */; };
		CA439E5229E32A9900B09020 /* LeaguesRepository in Frameworks */ = {isa = PBXBuildFile; productRef = CA439E5129E32A9900B09020 /* LeaguesRepository */; };
		CA439E5429E3796A00B09020 /* SeriesRepository in Frameworks */ = {isa = PBXBuildFile; productRef = CA439E5329E3796A00B09020 /* SeriesRepository */; };
		CA4A66182B09F37E00DCD52B /* QuickLaunchRepository in Frameworks */ = {isa = PBXBuildFile; productRef = CA4A66172B09F37E00DCD52B /* QuickLaunchRepository */; };
		CA5901192A05A862000261C9 /* GearRepository in Frameworks */ = {isa = PBXBuildFile; productRef = CA5901182A05A862000261C9 /* GearRepository */; };
		CA59011B2A05AD62000261C9 /* RecentlyUsedService in Frameworks */ = {isa = PBXBuildFile; productRef = CA59011A2A05AD62000261C9 /* RecentlyUsedService */; };
		CA59011D2A05AD81000261C9 /* PreferenceService in Frameworks */ = {isa = PBXBuildFile; productRef = CA59011C2A05AD81000261C9 /* PreferenceService */; };
		CA5952BB2A1FF51D0002494C /* StatisticsRepository in Frameworks */ = {isa = PBXBuildFile; productRef = CA5952BA2A1FF51D0002494C /* StatisticsRepository */; };
		CA626E272A821846002BCC13 /* StoreKit.framework in Frameworks */ = {isa = PBXBuildFile; fileRef = CA626E262A821846002BCC13 /* StoreKit.framework */; };
		CA626E292A821B9A002BCC13 /* ProductsService in Frameworks */ = {isa = PBXBuildFile; productRef = CA626E282A821B9A002BCC13 /* ProductsService */; };
		CA626E2B2A836881002BCC13 /* Configuration.storekit in Resources */ = {isa = PBXBuildFile; fileRef = CA626E2A2A836881002BCC13 /* Configuration.storekit */; };
		CA626E2F2A842032002BCC13 /* TipsService in Frameworks */ = {isa = PBXBuildFile; productRef = CA626E2E2A842032002BCC13 /* TipsService */; };
		CA632F5829BD26E200272ADB /* GameEditorPreviewApp.swift in Sources */ = {isa = PBXBuildFile; fileRef = CA632F5729BD26E200272ADB /* GameEditorPreviewApp.swift */; };
		CA632F5C29BD26E300272ADB /* Assets.xcassets in Resources */ = {isa = PBXBuildFile; fileRef = CA632F5B29BD26E300272ADB /* Assets.xcassets */; };
		CA632F6629BD293E00272ADB /* GamesEditorFeature in Frameworks */ = {isa = PBXBuildFile; productRef = CA632F6529BD293E00272ADB /* GamesEditorFeature */; };
		CA681DEE29B94BE900535750 /* AvatarService in Frameworks */ = {isa = PBXBuildFile; productRef = CA681DED29B94BE900535750 /* AvatarService */; };
		CA6CBA3529EBBE4C00B3BAF7 /* FramesRepository in Frameworks */ = {isa = PBXBuildFile; productRef = CA6CBA3429EBBE4C00B3BAF7 /* FramesRepository */; };
		CA6CBA3729EBBE4C00B3BAF7 /* GamesRepository in Frameworks */ = {isa = PBXBuildFile; productRef = CA6CBA3629EBBE4C00B3BAF7 /* GamesRepository */; };
		CA6CBA3929EBBE4C00B3BAF7 /* GearRepository in Frameworks */ = {isa = PBXBuildFile; productRef = CA6CBA3829EBBE4C00B3BAF7 /* GearRepository */; };
		CA6CBA3B29EBBE4C00B3BAF7 /* LanesRepository in Frameworks */ = {isa = PBXBuildFile; productRef = CA6CBA3A29EBBE4C00B3BAF7 /* LanesRepository */; };
		CA7E892C2AC5153B004972E1 /* StatisticsRepository in Frameworks */ = {isa = PBXBuildFile; productRef = CA7E892B2AC5153B004972E1 /* StatisticsRepository */; };
		CA7ED36E2CC9B68700A7828C /* HUDService in Frameworks */ = {isa = PBXBuildFile; productRef = CA7ED36D2CC9B68700A7828C /* HUDService */; };
		CA8847382A587D1D001AA48F /* AppIconService in Frameworks */ = {isa = PBXBuildFile; productRef = CA8847372A587D1D001AA48F /* AppIconService */; };
		CA8BBC5928D59B8B00653A1E /* ApproachApp.swift in Sources */ = {isa = PBXBuildFile; fileRef = CA8BBC5828D59B8B00653A1E /* ApproachApp.swift */; };
		CA8BBC5B28D59B8B00653A1E /* ContentView.swift in Sources */ = {isa = PBXBuildFile; fileRef = CA8BBC5A28D59B8B00653A1E /* ContentView.swift */; };
		CA8BBC5D28D59B8C00653A1E /* Assets.xcassets in Resources */ = {isa = PBXBuildFile; fileRef = CA8BBC5C28D59B8C00653A1E /* Assets.xcassets */; };
		CA8BBC6028D59B8C00653A1E /* Preview Assets.xcassets in Resources */ = {isa = PBXBuildFile; fileRef = CA8BBC5F28D59B8C00653A1E /* Preview Assets.xcassets */; };
		CA9C5D7D2A8C032100E484E2 /* LoggingService in Frameworks */ = {isa = PBXBuildFile; productRef = CA9C5D7C2A8C032100E484E2 /* LoggingService */; };
		CA9E25F32A0FA66B00BA216C /* BowlersRepository in Frameworks */ = {isa = PBXBuildFile; productRef = CA9E25F22A0FA66B00BA216C /* BowlersRepository */; };
		CAA3D74D29CFB48D00876EDC /* BowlersRepository in Frameworks */ = {isa = PBXBuildFile; productRef = CAA3D74C29CFB48D00876EDC /* BowlersRepository */; };
		CAA3D74F29CFB49200876EDC /* DatabaseService in Frameworks */ = {isa = PBXBuildFile; productRef = CAA3D74E29CFB49200876EDC /* DatabaseService */; };
		CAA668BE2A8F29A800DF3E75 /* EmailService in Frameworks */ = {isa = PBXBuildFile; productRef = CAA668BD2A8F29A800DF3E75 /* EmailService */; };
		CABA39BF2C38AD7100F74E0C /* AvatarEditorPreviewApp.swift in Sources */ = {isa = PBXBuildFile; fileRef = CABA39BE2C38AD7100F74E0C /* AvatarEditorPreviewApp.swift */; };
		CABA39C32C38AD7200F74E0C /* Assets.xcassets in Resources */ = {isa = PBXBuildFile; fileRef = CABA39C22C38AD7200F74E0C /* Assets.xcassets */; };
		CABEC0CF29CBF9CD003CF669 /* AddressLookupService in Frameworks */ = {isa = PBXBuildFile; productRef = CABEC0CE29CBF9CD003CF669 /* AddressLookupService */; };
		CABED8AE2CAFBD8300B2D1CE /* BadgesService in Frameworks */ = {isa = PBXBuildFile; productRef = CABED8AD2CAFBD8300B2D1CE /* BadgesService */; };
		CAC458A32AB838C500898C16 /* ImportExportService in Frameworks */ = {isa = PBXBuildFile; productRef = CAC458A22AB838C500898C16 /* ImportExportService */; };
		CAC51C1A2A4FDF9D00A99164 /* DatabaseMockingService in Frameworks */ = {isa = PBXBuildFile; productRef = CAC51C192A4FDF9D00A99164 /* DatabaseMockingService */; };
		CAC51C1C2A4FFE8D00A99164 /* TestDatabaseUtilitiesLibrary in Frameworks */ = {isa = PBXBuildFile; productRef = CAC51C1B2A4FFE8D00A99164 /* TestDatabaseUtilitiesLibrary */; };
		CAC51C1E2A51412300A99164 /* StatisticsWidgetsRepository in Frameworks */ = {isa = PBXBuildFile; productRef = CAC51C1D2A51412300A99164 /* StatisticsWidgetsRepository */; };
		CAC56851291F54A100192D12 /* PreferenceService in Frameworks */ = {isa = PBXBuildFile; productRef = CAC56850291F54A100192D12 /* PreferenceService */; };
		CAC56853291F54A100192D12 /* RecentlyUsedService in Frameworks */ = {isa = PBXBuildFile; productRef = CAC56852291F54A100192D12 /* RecentlyUsedService */; };
		CAC7A9F82BFA61FE00F35921 /* ZIPService in Frameworks */ = {isa = PBXBuildFile; productRef = CAC7A9F72BFA61FE00F35921 /* ZIPService */; };
		CAD15BB729FB91270015E4CB /* LocationsRepository in Frameworks */ = {isa = PBXBuildFile; productRef = CAD15BB629FB91270015E4CB /* LocationsRepository */; };
		CAD15BB929FDF8DF0015E4CB /* FramesRepository in Frameworks */ = {isa = PBXBuildFile; productRef = CAD15BB829FDF8DF0015E4CB /* FramesRepository */; };
		CAD15BBB29FDF8E40015E4CB /* GamesRepository in Frameworks */ = {isa = PBXBuildFile; productRef = CAD15BBA29FDF8E40015E4CB /* GamesRepository */; };
		CAD15BC129FDFF890015E4CB /* TestDatabaseUtilitiesLibrary in Frameworks */ = {isa = PBXBuildFile; productRef = CAD15BC029FDFF890015E4CB /* TestDatabaseUtilitiesLibrary */; };
		CAECBAEB2ABD7323007713A8 /* LanesRepository in Frameworks */ = {isa = PBXBuildFile; productRef = CAECBAEA2ABD7323007713A8 /* LanesRepository */; };
		CAFD57632C38AF9E00004F4C /* AvatarService in Frameworks */ = {isa = PBXBuildFile; productRef = CAFD57622C38AF9E00004F4C /* AvatarService */; };
		CAFD57652C38AFA200004F4C /* AvatarEditorFeature in Frameworks */ = {isa = PBXBuildFile; productRef = CAFD57642C38AFA200004F4C /* AvatarEditorFeature */; };
		CAFF2FCB2AB19B3000AE31BF /* AvatarService in Frameworks */ = {isa = PBXBuildFile; productRef = CAFF2FCA2AB19B3000AE31BF /* AvatarService */; };
/* End PBXBuildFile section */

/* Begin PBXFileReference section */
		CA2F033928F87C4100030BFE /* Approach */ = {isa = PBXFileReference; lastKnownFileType = wrapper; path = Approach; sourceTree = "<group>"; };
		CA5F86EE2A01E58D0092F519 /* App.xcconfig */ = {isa = PBXFileReference; lastKnownFileType = text.xcconfig; path = App.xcconfig; sourceTree = "<group>"; };
		CA5F86EF2A01E5930092F519 /* Test.xcconfig */ = {isa = PBXFileReference; lastKnownFileType = text.xcconfig; path = Test.xcconfig; sourceTree = "<group>"; };
		CA5F86F02A01E59B0092F519 /* Version.xcconfig */ = {isa = PBXFileReference; lastKnownFileType = text.xcconfig; path = Version.xcconfig; sourceTree = "<group>"; };
		CA5F86F12A01E5A70092F519 /* AppApproach.xcconfig */ = {isa = PBXFileReference; lastKnownFileType = text.xcconfig; path = AppApproach.xcconfig; sourceTree = "<group>"; };
		CA5F86F22A01E5AF0092F519 /* Project.xcconfig */ = {isa = PBXFileReference; lastKnownFileType = text.xcconfig; path = Project.xcconfig; sourceTree = "<group>"; };
		CA5F86F32A01E5BE0092F519 /* AppGameEditorPreview.xcconfig */ = {isa = PBXFileReference; lastKnownFileType = text.xcconfig; path = AppGameEditorPreview.xcconfig; sourceTree = "<group>"; };
		CA626E262A821846002BCC13 /* StoreKit.framework */ = {isa = PBXFileReference; lastKnownFileType = wrapper.framework; name = StoreKit.framework; path = System/Library/Frameworks/StoreKit.framework; sourceTree = SDKROOT; };
		CA626E2A2A836881002BCC13 /* Configuration.storekit */ = {isa = PBXFileReference; lastKnownFileType = text; path = Configuration.storekit; sourceTree = "<group>"; };
		CA632F5529BD26E200272ADB /* GameEditorPreview.app */ = {isa = PBXFileReference; explicitFileType = wrapper.application; includeInIndex = 0; path = GameEditorPreview.app; sourceTree = BUILT_PRODUCTS_DIR; };
		CA632F5729BD26E200272ADB /* GameEditorPreviewApp.swift */ = {isa = PBXFileReference; lastKnownFileType = sourcecode.swift; path = GameEditorPreviewApp.swift; sourceTree = "<group>"; };
		CA632F5B29BD26E300272ADB /* Assets.xcassets */ = {isa = PBXFileReference; lastKnownFileType = folder.assetcatalog; path = Assets.xcassets; sourceTree = "<group>"; };
		CA8BBC5528D59B8B00653A1E /* Approach.app */ = {isa = PBXFileReference; explicitFileType = wrapper.application; includeInIndex = 0; path = Approach.app; sourceTree = BUILT_PRODUCTS_DIR; };
		CA8BBC5828D59B8B00653A1E /* ApproachApp.swift */ = {isa = PBXFileReference; lastKnownFileType = sourcecode.swift; path = ApproachApp.swift; sourceTree = "<group>"; };
		CA8BBC5A28D59B8B00653A1E /* ContentView.swift */ = {isa = PBXFileReference; lastKnownFileType = sourcecode.swift; path = ContentView.swift; sourceTree = "<group>"; };
		CA8BBC5C28D59B8C00653A1E /* Assets.xcassets */ = {isa = PBXFileReference; lastKnownFileType = folder.assetcatalog; path = Assets.xcassets; sourceTree = "<group>"; };
		CA8BBC5F28D59B8C00653A1E /* Preview Assets.xcassets */ = {isa = PBXFileReference; lastKnownFileType = folder.assetcatalog; path = "Preview Assets.xcassets"; sourceTree = "<group>"; };
		CA9B8C132CB22B9C0097952D /* Approach.entitlements */ = {isa = PBXFileReference; lastKnownFileType = text.plist.entitlements; path = Approach.entitlements; sourceTree = "<group>"; };
		CAB632A72AB4F96200C6D1BA /* Secrets.xcconfig */ = {isa = PBXFileReference; lastKnownFileType = text.xcconfig; path = Secrets.xcconfig; sourceTree = "<group>"; };
		CABA39BC2C38AD7100F74E0C /* AvatarEditorPreview.app */ = {isa = PBXFileReference; explicitFileType = wrapper.application; includeInIndex = 0; path = AvatarEditorPreview.app; sourceTree = BUILT_PRODUCTS_DIR; };
		CABA39BE2C38AD7100F74E0C /* AvatarEditorPreviewApp.swift */ = {isa = PBXFileReference; lastKnownFileType = sourcecode.swift; path = AvatarEditorPreviewApp.swift; sourceTree = "<group>"; };
		CABA39C22C38AD7200F74E0C /* Assets.xcassets */ = {isa = PBXFileReference; lastKnownFileType = folder.assetcatalog; path = Assets.xcassets; sourceTree = "<group>"; };
		CABA39CA2C38ADB800F74E0C /* AppAvatarEditorPreview.xcconfig */ = {isa = PBXFileReference; lastKnownFileType = text.xcconfig; path = AppAvatarEditorPreview.xcconfig; sourceTree = "<group>"; };
		CAE039052D7C0C97005C3546 /* Libraries.xctestplan */ = {isa = PBXFileReference; lastKnownFileType = text; path = Libraries.xctestplan; sourceTree = "<group>"; };
		CAE039062D7C0CD7005C3546 /* Services.xctestplan */ = {isa = PBXFileReference; lastKnownFileType = text; path = Services.xctestplan; sourceTree = "<group>"; };
		CAE039072D7C0D21005C3546 /* Repositories.xctestplan */ = {isa = PBXFileReference; lastKnownFileType = text; path = Repositories.xctestplan; sourceTree = "<group>"; };
		CAE039082D7C0D42005C3546 /* Features.xctestplan */ = {isa = PBXFileReference; lastKnownFileType = text; path = Features.xctestplan; sourceTree = "<group>"; };
		CAE039092D7C0DD0005C3546 /* Approach.xctestplan */ = {isa = PBXFileReference; lastKnownFileType = text; path = Approach.xctestplan; sourceTree = "<group>"; };
		CAEFC2002D7C2673005F47C8 /* StringsLibrary.xctestplan */ = {isa = PBXFileReference; lastKnownFileType = text; name = StringsLibrary.xctestplan; path = TestPlans/Packages/StringsLibrary.xctestplan; sourceTree = "<group>"; };
/* End PBXFileReference section */

/* Begin PBXFrameworksBuildPhase section */
		CA632F5229BD26E200272ADB /* Frameworks */ = {
			isa = PBXFrameworksBuildPhase;
			buildActionMask = 2147483647;
			files = (
				CAECBAEB2ABD7323007713A8 /* LanesRepository in Frameworks */,
				CA2FCE912A14908C0061A7FE /* MatchPlaysRepository in Frameworks */,
				CAFF2FCB2AB19B3000AE31BF /* AvatarService in Frameworks */,
				CAD15BB929FDF8DF0015E4CB /* FramesRepository in Frameworks */,
				CA59011D2A05AD81000261C9 /* PreferenceService in Frameworks */,
				CA5901192A05A862000261C9 /* GearRepository in Frameworks */,
				CAD15BC129FDFF890015E4CB /* TestDatabaseUtilitiesLibrary in Frameworks */,
				CA9E25F32A0FA66B00BA216C /* BowlersRepository in Frameworks */,
				CA7E892C2AC5153B004972E1 /* StatisticsRepository in Frameworks */,
				CA2B781F2AABC9E10044487E /* ScoresRepository in Frameworks */,
				CAD15BBB29FDF8E40015E4CB /* GamesRepository in Frameworks */,
				CA632F6629BD293E00272ADB /* GamesEditorFeature in Frameworks */,
				CA59011B2A05AD62000261C9 /* RecentlyUsedService in Frameworks */,
			);
			runOnlyForDeploymentPostprocessing = 0;
		};
		CA8BBC5228D59B8B00653A1E /* Frameworks */ = {
			isa = PBXFrameworksBuildPhase;
			buildActionMask = 2147483647;
			files = (
				CABEC0CF29CBF9CD003CF669 /* AddressLookupService in Frameworks */,
				CA2FA1552A2559C3008341A5 /* NotificationsService in Frameworks */,
				CAC51C1C2A4FFE8D00A99164 /* TestDatabaseUtilitiesLibrary in Frameworks */,
				CA6CBA3B29EBBE4C00B3BAF7 /* LanesRepository in Frameworks */,
				CA6CBA3729EBBE4C00B3BAF7 /* GamesRepository in Frameworks */,
				CA7ED36E2CC9B68700A7828C /* HUDService in Frameworks */,
				CAA3D74F29CFB49200876EDC /* DatabaseService in Frameworks */,
				CAC458A32AB838C500898C16 /* ImportExportService in Frameworks */,
				CA439E5429E3796A00B09020 /* SeriesRepository in Frameworks */,
				CA28CC972CD066EF00731AB1 /* CodableService in Frameworks */,
				CA8847382A587D1D001AA48F /* AppIconService in Frameworks */,
				CA626E292A821B9A002BCC13 /* ProductsService in Frameworks */,
				CA2890DE28F87FF2003C1EE9 /* AppFeature in Frameworks */,
				CA2B78212AABC9EC0044487E /* ScoresRepository in Frameworks */,
				CABED8AE2CAFBD8300B2D1CE /* BadgesService in Frameworks */,
				CA439E5229E32A9900B09020 /* LeaguesRepository in Frameworks */,
				CAA668BE2A8F29A800DF3E75 /* EmailService in Frameworks */,
				CA30F8E22B2670A100A80543 /* LaunchService in Frameworks */,
				CAC51C1A2A4FDF9D00A99164 /* DatabaseMockingService in Frameworks */,
				CA4A66182B09F37E00DCD52B /* QuickLaunchRepository in Frameworks */,
				CAC56851291F54A100192D12 /* PreferenceService in Frameworks */,
				CA6CBA3929EBBE4C00B3BAF7 /* GearRepository in Frameworks */,
				CAC7A9F82BFA61FE00F35921 /* ZIPService in Frameworks */,
				CA9C5D7D2A8C032100E484E2 /* LoggingService in Frameworks */,
				CA2FCE932A1490910061A7FE /* MatchPlaysRepository in Frameworks */,
				CAD15BB729FB91270015E4CB /* LocationsRepository in Frameworks */,
				CAC51C1E2A51412300A99164 /* StatisticsWidgetsRepository in Frameworks */,
				CA439E5029E2949400B09020 /* AlleysRepository in Frameworks */,
				CA626E272A821846002BCC13 /* StoreKit.framework in Frameworks */,
				CA6CBA3529EBBE4C00B3BAF7 /* FramesRepository in Frameworks */,
				CA681DEE29B94BE900535750 /* AvatarService in Frameworks */,
				CA626E2F2A842032002BCC13 /* TipsService in Frameworks */,
				CA5952BB2A1FF51D0002494C /* StatisticsRepository in Frameworks */,
				CAA3D74D29CFB48D00876EDC /* BowlersRepository in Frameworks */,
				CA318B402999E1F500BD4BEC /* AnalyticsService in Frameworks */,
				CAC56853291F54A100192D12 /* RecentlyUsedService in Frameworks */,
			);
			runOnlyForDeploymentPostprocessing = 0;
		};
		CABA39B92C38AD7100F74E0C /* Frameworks */ = {
			isa = PBXFrameworksBuildPhase;
			buildActionMask = 2147483647;
			files = (
				CAFD57632C38AF9E00004F4C /* AvatarService in Frameworks */,
				CAFD57652C38AFA200004F4C /* AvatarEditorFeature in Frameworks */,
			);
			runOnlyForDeploymentPostprocessing = 0;
		};
/* End PBXFrameworksBuildPhase section */

/* Begin PBXGroup section */
		CA2890DC28F87FF2003C1EE9 /* Frameworks */ = {
			isa = PBXGroup;
			children = (
				CA626E262A821846002BCC13 /* StoreKit.framework */,
			);
			name = Frameworks;
			sourceTree = "<group>";
		};
		CA2F033828F8797100030BFE /* Source */ = {
			isa = PBXGroup;
			children = (
				CA8BBC5828D59B8B00653A1E /* ApproachApp.swift */,
				CA8BBC5A28D59B8B00653A1E /* ContentView.swift */,
			);
			path = Source;
			sourceTree = "<group>";
		};
		CA5F86EC2A01E5780092F519 /* XCConfigs */ = {
			isa = PBXGroup;
			children = (
				CA5F86ED2A01E5810092F519 /* Base */,
				CA5F86F12A01E5A70092F519 /* AppApproach.xcconfig */,
				CAB632A72AB4F96200C6D1BA /* Secrets.xcconfig */,
				CA5F86F32A01E5BE0092F519 /* AppGameEditorPreview.xcconfig */,
				CABA39CA2C38ADB800F74E0C /* AppAvatarEditorPreview.xcconfig */,
			);
			path = XCConfigs;
			sourceTree = "<group>";
		};
		CA5F86ED2A01E5810092F519 /* Base */ = {
			isa = PBXGroup;
			children = (
				CA5F86EE2A01E58D0092F519 /* App.xcconfig */,
				CA5F86F22A01E5AF0092F519 /* Project.xcconfig */,
				CA5F86EF2A01E5930092F519 /* Test.xcconfig */,
				CA5F86F02A01E59B0092F519 /* Version.xcconfig */,
			);
			path = Base;
			sourceTree = "<group>";
		};
		CA632F5629BD26E200272ADB /* GameEditorPreview */ = {
			isa = PBXGroup;
			children = (
				CA632F5729BD26E200272ADB /* GameEditorPreviewApp.swift */,
				CA632F5B29BD26E300272ADB /* Assets.xcassets */,
			);
			path = GameEditorPreview;
			sourceTree = "<group>";
		};
		CA632F6329BD26F200272ADB /* Previews */ = {
			isa = PBXGroup;
			children = (
				CABA39BD2C38AD7100F74E0C /* AvatarEditorPreview */,
				CA632F5629BD26E200272ADB /* GameEditorPreview */,
			);
			path = Previews;
			sourceTree = "<group>";
		};
		CA8BBC4C28D59B8B00653A1E = {
			isa = PBXGroup;
			children = (
				CAEFC2002D7C2673005F47C8 /* StringsLibrary.xctestplan */,
				CA2F033928F87C4100030BFE /* Approach */,
				CA8BBC5728D59B8B00653A1E /* ApproachIOS */,
				CA5F86EC2A01E5780092F519 /* XCConfigs */,
				CA632F6329BD26F200272ADB /* Previews */,
				CA8BBC5628D59B8B00653A1E /* Products */,
				CAE039042D7C0C49005C3546 /* TestPlans */,
				CA2890DC28F87FF2003C1EE9 /* Frameworks */,
			);
			sourceTree = "<group>";
		};
		CA8BBC5628D59B8B00653A1E /* Products */ = {
			isa = PBXGroup;
			children = (
				CA8BBC5528D59B8B00653A1E /* Approach.app */,
				CA632F5529BD26E200272ADB /* GameEditorPreview.app */,
				CABA39BC2C38AD7100F74E0C /* AvatarEditorPreview.app */,
			);
			name = Products;
			sourceTree = "<group>";
		};
		CA8BBC5728D59B8B00653A1E /* ApproachIOS */ = {
			isa = PBXGroup;
			children = (
				CA9B8C132CB22B9C0097952D /* Approach.entitlements */,
				CA626E2A2A836881002BCC13 /* Configuration.storekit */,
				CA8BBC5C28D59B8C00653A1E /* Assets.xcassets */,
				CA8BBC5E28D59B8C00653A1E /* Preview Content */,
				CA2F033828F8797100030BFE /* Source */,
			);
			path = ApproachIOS;
			sourceTree = "<group>";
		};
		CA8BBC5E28D59B8C00653A1E /* Preview Content */ = {
			isa = PBXGroup;
			children = (
				CA8BBC5F28D59B8C00653A1E /* Preview Assets.xcassets */,
			);
			path = "Preview Content";
			sourceTree = "<group>";
		};
		CABA39BD2C38AD7100F74E0C /* AvatarEditorPreview */ = {
			isa = PBXGroup;
			children = (
				CABA39BE2C38AD7100F74E0C /* AvatarEditorPreviewApp.swift */,
				CABA39C22C38AD7200F74E0C /* Assets.xcassets */,
			);
			path = AvatarEditorPreview;
			sourceTree = "<group>";
		};
		CAE039042D7C0C49005C3546 /* TestPlans */ = {
			isa = PBXGroup;
			children = (
				CAE039092D7C0DD0005C3546 /* Approach.xctestplan */,
				CAE039052D7C0C97005C3546 /* Libraries.xctestplan */,
				CAE039062D7C0CD7005C3546 /* Services.xctestplan */,
				CAE039072D7C0D21005C3546 /* Repositories.xctestplan */,
				CAE039082D7C0D42005C3546 /* Features.xctestplan */,
			);
			path = TestPlans;
			sourceTree = "<group>";
		};
/* End PBXGroup section */

/* Begin PBXNativeTarget section */
		CA632F5429BD26E200272ADB /* GameEditorPreview */ = {
			isa = PBXNativeTarget;
			buildConfigurationList = CA632F6229BD26E300272ADB /* Build configuration list for PBXNativeTarget "GameEditorPreview" */;
			buildPhases = (
				CA632F5129BD26E200272ADB /* Sources */,
				CA632F5229BD26E200272ADB /* Frameworks */,
				CA632F5329BD26E200272ADB /* Resources */,
			);
			buildRules = (
			);
			dependencies = (
			);
			name = GameEditorPreview;
			packageProductDependencies = (
				CA632F6529BD293E00272ADB /* GamesEditorFeature */,
				CAD15BB829FDF8DF0015E4CB /* FramesRepository */,
				CAD15BBA29FDF8E40015E4CB /* GamesRepository */,
				CAD15BC029FDFF890015E4CB /* TestDatabaseUtilitiesLibrary */,
				CA5901182A05A862000261C9 /* GearRepository */,
				CA59011A2A05AD62000261C9 /* RecentlyUsedService */,
				CA59011C2A05AD81000261C9 /* PreferenceService */,
				CA9E25F22A0FA66B00BA216C /* BowlersRepository */,
				CA2FCE902A14908C0061A7FE /* MatchPlaysRepository */,
				CA2B781E2AABC9E10044487E /* ScoresRepository */,
				CAFF2FCA2AB19B3000AE31BF /* AvatarService */,
				CAECBAEA2ABD7323007713A8 /* LanesRepository */,
				CA7E892B2AC5153B004972E1 /* StatisticsRepository */,
			);
			productName = GameEditorPreview;
			productReference = CA632F5529BD26E200272ADB /* GameEditorPreview.app */;
			productType = "com.apple.product-type.application";
		};
		CA8BBC5428D59B8B00653A1E /* Approach */ = {
			isa = PBXNativeTarget;
			buildConfigurationList = CA8BBC7928D59B8C00653A1E /* Build configuration list for PBXNativeTarget "Approach" */;
			buildPhases = (
				CA2890DF28F882FC003C1EE9 /* SwiftLint */,
				CA8BBC5128D59B8B00653A1E /* Sources */,
				CA8BBC5228D59B8B00653A1E /* Frameworks */,
				CA8BBC5328D59B8B00653A1E /* Resources */,
				5B8CBEA6A7864D49B251E753 /* Upload Debug Symbols to Sentry */,
			);
			buildRules = (
			);
			dependencies = (
			);
			name = Approach;
			packageProductDependencies = (
				CA2890DD28F87FF2003C1EE9 /* AppFeature */,
				CAC56850291F54A100192D12 /* PreferenceService */,
				CAC56852291F54A100192D12 /* RecentlyUsedService */,
				CA318B3F2999E1F500BD4BEC /* AnalyticsService */,
				CA681DED29B94BE900535750 /* AvatarService */,
				CABEC0CE29CBF9CD003CF669 /* AddressLookupService */,
				CAA3D74C29CFB48D00876EDC /* BowlersRepository */,
				CAA3D74E29CFB49200876EDC /* DatabaseService */,
				CA439E4F29E2949400B09020 /* AlleysRepository */,
				CA439E5129E32A9900B09020 /* LeaguesRepository */,
				CA439E5329E3796A00B09020 /* SeriesRepository */,
				CA6CBA3429EBBE4C00B3BAF7 /* FramesRepository */,
				CA6CBA3629EBBE4C00B3BAF7 /* GamesRepository */,
				CA6CBA3829EBBE4C00B3BAF7 /* GearRepository */,
				CA6CBA3A29EBBE4C00B3BAF7 /* LanesRepository */,
				CAD15BB629FB91270015E4CB /* LocationsRepository */,
				CA2FCE922A1490910061A7FE /* MatchPlaysRepository */,
				CA5952BA2A1FF51D0002494C /* StatisticsRepository */,
				CA2FA1542A2559C3008341A5 /* NotificationsService */,
				CAC51C192A4FDF9D00A99164 /* DatabaseMockingService */,
				CAC51C1B2A4FFE8D00A99164 /* TestDatabaseUtilitiesLibrary */,
				CAC51C1D2A51412300A99164 /* StatisticsWidgetsRepository */,
				CA8847372A587D1D001AA48F /* AppIconService */,
				CA626E2E2A842032002BCC13 /* TipsService */,
				CA9C5D7C2A8C032100E484E2 /* LoggingService */,
				CAA668BD2A8F29A800DF3E75 /* EmailService */,
				CA2B78202AABC9EC0044487E /* ScoresRepository */,
				CA626E282A821B9A002BCC13 /* ProductsService */,
				CAC458A22AB838C500898C16 /* ImportExportService */,
				CA4A66172B09F37E00DCD52B /* QuickLaunchRepository */,
				CA30F8E12B2670A100A80543 /* LaunchService */,
				CAC7A9F72BFA61FE00F35921 /* ZIPService */,
				CABED8AD2CAFBD8300B2D1CE /* BadgesService */,
				CA7ED36D2CC9B68700A7828C /* HUDService */,
				CA28CC962CD066EF00731AB1 /* CodableService */,
			);
			productName = Approach;
			productReference = CA8BBC5528D59B8B00653A1E /* Approach.app */;
			productType = "com.apple.product-type.application";
		};
		CABA39BB2C38AD7100F74E0C /* AvatarEditorPreview */ = {
			isa = PBXNativeTarget;
			buildConfigurationList = CABA39C92C38AD7200F74E0C /* Build configuration list for PBXNativeTarget "AvatarEditorPreview" */;
			buildPhases = (
				CABA39B82C38AD7100F74E0C /* Sources */,
				CABA39B92C38AD7100F74E0C /* Frameworks */,
				CABA39BA2C38AD7100F74E0C /* Resources */,
			);
			buildRules = (
			);
			dependencies = (
			);
			name = AvatarEditorPreview;
			packageProductDependencies = (
				CAFD57622C38AF9E00004F4C /* AvatarService */,
				CAFD57642C38AFA200004F4C /* AvatarEditorFeature */,
			);
			productName = AvatarEditorPreview;
			productReference = CABA39BC2C38AD7100F74E0C /* AvatarEditorPreview.app */;
			productType = "com.apple.product-type.application";
		};
/* End PBXNativeTarget section */

/* Begin PBXProject section */
		CA8BBC4D28D59B8B00653A1E /* Project object */ = {
			isa = PBXProject;
			attributes = {
				BuildIndependentTargetsInParallel = 1;
				LastSwiftUpdateCheck = 1540;
				LastUpgradeCheck = 1620;
				TargetAttributes = {
					CA632F5429BD26E200272ADB = {
						CreatedOnToolsVersion = 14.2;
					};
					CA8BBC5428D59B8B00653A1E = {
						CreatedOnToolsVersion = 14.0;
					};
					CABA39BB2C38AD7100F74E0C = {
						CreatedOnToolsVersion = 15.4;
					};
				};
			};
			buildConfigurationList = CA8BBC5028D59B8B00653A1E /* Build configuration list for PBXProject "Approach" */;
			compatibilityVersion = "Xcode 14.0";
			developmentRegion = en;
			hasScannedForEncodings = 0;
			knownRegions = (
				en,
				Base,
			);
			mainGroup = CA8BBC4C28D59B8B00653A1E;
			packageReferences = (
			);
			productRefGroup = CA8BBC5628D59B8B00653A1E /* Products */;
			projectDirPath = "";
			projectRoot = "";
			targets = (
				CA8BBC5428D59B8B00653A1E /* Approach */,
				CA632F5429BD26E200272ADB /* GameEditorPreview */,
				CABA39BB2C38AD7100F74E0C /* AvatarEditorPreview */,
			);
		};
/* End PBXProject section */

/* Begin PBXResourcesBuildPhase section */
		CA632F5329BD26E200272ADB /* Resources */ = {
			isa = PBXResourcesBuildPhase;
			buildActionMask = 2147483647;
			files = (
				CA632F5C29BD26E300272ADB /* Assets.xcassets in Resources */,
			);
			runOnlyForDeploymentPostprocessing = 0;
		};
		CA8BBC5328D59B8B00653A1E /* Resources */ = {
			isa = PBXResourcesBuildPhase;
			buildActionMask = 2147483647;
			files = (
				CA8BBC6028D59B8C00653A1E /* Preview Assets.xcassets in Resources */,
				CA626E2B2A836881002BCC13 /* Configuration.storekit in Resources */,
				CA8BBC5D28D59B8C00653A1E /* Assets.xcassets in Resources */,
			);
			runOnlyForDeploymentPostprocessing = 0;
		};
		CABA39BA2C38AD7100F74E0C /* Resources */ = {
			isa = PBXResourcesBuildPhase;
			buildActionMask = 2147483647;
			files = (
				CABA39C32C38AD7200F74E0C /* Assets.xcassets in Resources */,
			);
			runOnlyForDeploymentPostprocessing = 0;
		};
/* End PBXResourcesBuildPhase section */

/* Begin PBXShellScriptBuildPhase section */
		5B8CBEA6A7864D49B251E753 /* Upload Debug Symbols to Sentry */ = {
			isa = PBXShellScriptBuildPhase;
			buildActionMask = 2147483647;
			files = (
			);
			inputPaths = (
				"${DWARF_DSYM_FOLDER_PATH}/${DWARF_DSYM_FILE_NAME}/Contents/Resources/DWARF/${TARGET_NAME}",
			);
			name = "Upload Debug Symbols to Sentry";
			outputPaths = (
			);
			runOnlyForDeploymentPostprocessing = 0;
			shellPath = /bin/sh;
			shellScript = "# This script is responsable to upload debug symbols and source context for Sentry.\nif which sentry-cli >/dev/null; then\nexport SENTRY_ORG=approach-bowling\nexport SENTRY_PROJECT=approach-for-ios\nERROR=$(sentry-cli debug-files upload --include-sources \"$DWARF_DSYM_FOLDER_PATH\" 2>&1 >/dev/null)\nif [ ! $? -eq 0 ]; then\necho \"warning: sentry-cli - $ERROR\"\nfi\nelse\necho \"warning: sentry-cli not installed, download from https://github.com/getsentry/sentry-cli/releases\"\nfi\n";
		};
		CA2890DF28F882FC003C1EE9 /* SwiftLint */ = {
			isa = PBXShellScriptBuildPhase;
			alwaysOutOfDate = 1;
			buildActionMask = 12;
			files = (
			);
			inputFileListPaths = (
			);
			inputPaths = (
			);
			name = SwiftLint;
			outputFileListPaths = (
			);
			outputPaths = (
			);
			runOnlyForDeploymentPostprocessing = 0;
			shellPath = /bin/sh;
			shellScript = "export PATH=\"$PATH:/opt/homebrew/bin\"\n\nif which swiftlint > /dev/null; then\n\tswiftlint\nelse\n\techo \"warning: SwiftLint not installed, download from https://github.com/realm/SwiftLint\"\nfi\n";
		};
/* End PBXShellScriptBuildPhase section */

/* Begin PBXSourcesBuildPhase section */
		CA632F5129BD26E200272ADB /* Sources */ = {
			isa = PBXSourcesBuildPhase;
			buildActionMask = 2147483647;
			files = (
				CA632F5829BD26E200272ADB /* GameEditorPreviewApp.swift in Sources */,
			);
			runOnlyForDeploymentPostprocessing = 0;
		};
		CA8BBC5128D59B8B00653A1E /* Sources */ = {
			isa = PBXSourcesBuildPhase;
			buildActionMask = 2147483647;
			files = (
				CA8BBC5B28D59B8B00653A1E /* ContentView.swift in Sources */,
				CA8BBC5928D59B8B00653A1E /* ApproachApp.swift in Sources */,
			);
			runOnlyForDeploymentPostprocessing = 0;
		};
		CABA39B82C38AD7100F74E0C /* Sources */ = {
			isa = PBXSourcesBuildPhase;
			buildActionMask = 2147483647;
			files = (
				CABA39BF2C38AD7100F74E0C /* AvatarEditorPreviewApp.swift in Sources */,
			);
			runOnlyForDeploymentPostprocessing = 0;
		};
/* End PBXSourcesBuildPhase section */

/* Begin XCBuildConfiguration section */
		CA632F6029BD26E300272ADB /* Debug */ = {
			isa = XCBuildConfiguration;
			baseConfigurationReference = CA5F86F32A01E5BE0092F519 /* AppGameEditorPreview.xcconfig */;
			buildSettings = {
			};
			name = Debug;
		};
		CA632F6129BD26E300272ADB /* Release */ = {
			isa = XCBuildConfiguration;
			baseConfigurationReference = CA5F86F32A01E5BE0092F519 /* AppGameEditorPreview.xcconfig */;
			buildSettings = {
			};
			name = Release;
		};
		CA8BBC7728D59B8C00653A1E /* Debug */ = {
			isa = XCBuildConfiguration;
			baseConfigurationReference = CA5F86F22A01E5AF0092F519 /* Project.xcconfig */;
			buildSettings = {
			};
			name = Debug;
		};
		CA8BBC7828D59B8C00653A1E /* Release */ = {
			isa = XCBuildConfiguration;
			baseConfigurationReference = CA5F86F22A01E5AF0092F519 /* Project.xcconfig */;
			buildSettings = {
			};
			name = Release;
		};
		CA8BBC7A28D59B8C00653A1E /* Debug */ = {
			isa = XCBuildConfiguration;
			baseConfigurationReference = CA5F86F12A01E5A70092F519 /* AppApproach.xcconfig */;
			buildSettings = {
			};
			name = Debug;
		};
		CA8BBC7B28D59B8C00653A1E /* Release */ = {
			isa = XCBuildConfiguration;
			baseConfigurationReference = CA5F86F12A01E5A70092F519 /* AppApproach.xcconfig */;
			buildSettings = {
			};
			name = Release;
		};
		CABA39C72C38AD7200F74E0C /* Debug */ = {
			isa = XCBuildConfiguration;
			baseConfigurationReference = CABA39CA2C38ADB800F74E0C /* AppAvatarEditorPreview.xcconfig */;
			buildSettings = {
			};
			name = Debug;
		};
		CABA39C82C38AD7200F74E0C /* Release */ = {
			isa = XCBuildConfiguration;
			baseConfigurationReference = CABA39CA2C38ADB800F74E0C /* AppAvatarEditorPreview.xcconfig */;
			buildSettings = {
			};
			name = Release;
		};
/* End XCBuildConfiguration section */

/* Begin XCConfigurationList section */
		CA632F6229BD26E300272ADB /* Build configuration list for PBXNativeTarget "GameEditorPreview" */ = {
			isa = XCConfigurationList;
			buildConfigurations = (
				CA632F6029BD26E300272ADB /* Debug */,
				CA632F6129BD26E300272ADB /* Release */,
			);
			defaultConfigurationIsVisible = 0;
			defaultConfigurationName = Release;
		};
		CA8BBC5028D59B8B00653A1E /* Build configuration list for PBXProject "Approach" */ = {
			isa = XCConfigurationList;
			buildConfigurations = (
				CA8BBC7728D59B8C00653A1E /* Debug */,
				CA8BBC7828D59B8C00653A1E /* Release */,
			);
			defaultConfigurationIsVisible = 0;
			defaultConfigurationName = Release;
		};
		CA8BBC7928D59B8C00653A1E /* Build configuration list for PBXNativeTarget "Approach" */ = {
			isa = XCConfigurationList;
			buildConfigurations = (
				CA8BBC7A28D59B8C00653A1E /* Debug */,
				CA8BBC7B28D59B8C00653A1E /* Release */,
			);
			defaultConfigurationIsVisible = 0;
			defaultConfigurationName = Release;
		};
		CABA39C92C38AD7200F74E0C /* Build configuration list for PBXNativeTarget "AvatarEditorPreview" */ = {
			isa = XCConfigurationList;
			buildConfigurations = (
				CABA39C72C38AD7200F74E0C /* Debug */,
				CABA39C82C38AD7200F74E0C /* Release */,
			);
			defaultConfigurationIsVisible = 0;
			defaultConfigurationName = Release;
		};
/* End XCConfigurationList section */

/* Begin XCSwiftPackageProductDependency section */
		CA2890DD28F87FF2003C1EE9 /* AppFeature */ = {
			isa = XCSwiftPackageProductDependency;
			productName = AppFeature;
		};
		CA28CC962CD066EF00731AB1 /* CodableService */ = {
			isa = XCSwiftPackageProductDependency;
			productName = CodableService;
		};
		CA2B781E2AABC9E10044487E /* ScoresRepository */ = {
			isa = XCSwiftPackageProductDependency;
			productName = ScoresRepository;
		};
		CA2B78202AABC9EC0044487E /* ScoresRepository */ = {
			isa = XCSwiftPackageProductDependency;
			productName = ScoresRepository;
		};
		CA2FA1542A2559C3008341A5 /* NotificationsService */ = {
			isa = XCSwiftPackageProductDependency;
			productName = NotificationsService;
		};
		CA2FCE902A14908C0061A7FE /* MatchPlaysRepository */ = {
			isa = XCSwiftPackageProductDependency;
			productName = MatchPlaysRepository;
		};
		CA2FCE922A1490910061A7FE /* MatchPlaysRepository */ = {
			isa = XCSwiftPackageProductDependency;
			productName = MatchPlaysRepository;
		};
		CA30F8E12B2670A100A80543 /* LaunchService */ = {
			isa = XCSwiftPackageProductDependency;
			productName = LaunchService;
		};
		CA318B3F2999E1F500BD4BEC /* AnalyticsService */ = {
			isa = XCSwiftPackageProductDependency;
			productName = AnalyticsService;
		};
		CA439E4F29E2949400B09020 /* AlleysRepository */ = {
			isa = XCSwiftPackageProductDependency;
			productName = AlleysRepository;
		};
		CA439E5129E32A9900B09020 /* LeaguesRepository */ = {
			isa = XCSwiftPackageProductDependency;
			productName = LeaguesRepository;
		};
		CA439E5329E3796A00B09020 /* SeriesRepository */ = {
			isa = XCSwiftPackageProductDependency;
			productName = SeriesRepository;
		};
		CA4A66172B09F37E00DCD52B /* QuickLaunchRepository */ = {
			isa = XCSwiftPackageProductDependency;
			productName = QuickLaunchRepository;
		};
		CA5901182A05A862000261C9 /* GearRepository */ = {
			isa = XCSwiftPackageProductDependency;
			productName = GearRepository;
		};
		CA59011A2A05AD62000261C9 /* RecentlyUsedService */ = {
			isa = XCSwiftPackageProductDependency;
			productName = RecentlyUsedService;
		};
		CA59011C2A05AD81000261C9 /* PreferenceService */ = {
			isa = XCSwiftPackageProductDependency;
			productName = PreferenceService;
		};
		CA5952BA2A1FF51D0002494C /* StatisticsRepository */ = {
			isa = XCSwiftPackageProductDependency;
			productName = StatisticsRepository;
		};
		CA626E282A821B9A002BCC13 /* ProductsService */ = {
			isa = XCSwiftPackageProductDependency;
			productName = ProductsService;
		};
		CA626E2E2A842032002BCC13 /* TipsService */ = {
			isa = XCSwiftPackageProductDependency;
			productName = TipsService;
		};
		CA632F6529BD293E00272ADB /* GamesEditorFeature */ = {
			isa = XCSwiftPackageProductDependency;
			productName = GamesEditorFeature;
		};
		CA681DED29B94BE900535750 /* AvatarService */ = {
			isa = XCSwiftPackageProductDependency;
			productName = AvatarService;
		};
		CA6CBA3429EBBE4C00B3BAF7 /* FramesRepository */ = {
			isa = XCSwiftPackageProductDependency;
			productName = FramesRepository;
		};
		CA6CBA3629EBBE4C00B3BAF7 /* GamesRepository */ = {
			isa = XCSwiftPackageProductDependency;
			productName = GamesRepository;
		};
		CA6CBA3829EBBE4C00B3BAF7 /* GearRepository */ = {
			isa = XCSwiftPackageProductDependency;
			productName = GearRepository;
		};
		CA6CBA3A29EBBE4C00B3BAF7 /* LanesRepository */ = {
			isa = XCSwiftPackageProductDependency;
			productName = LanesRepository;
		};
		CA7E892B2AC5153B004972E1 /* StatisticsRepository */ = {
			isa = XCSwiftPackageProductDependency;
			productName = StatisticsRepository;
		};
		CA7ED36D2CC9B68700A7828C /* HUDService */ = {
			isa = XCSwiftPackageProductDependency;
			productName = HUDService;
		};
		CA8847372A587D1D001AA48F /* AppIconService */ = {
			isa = XCSwiftPackageProductDependency;
			productName = AppIconService;
		};
		CA9C5D7C2A8C032100E484E2 /* LoggingService */ = {
			isa = XCSwiftPackageProductDependency;
			productName = LoggingService;
		};
		CA9E25F22A0FA66B00BA216C /* BowlersRepository */ = {
			isa = XCSwiftPackageProductDependency;
			productName = BowlersRepository;
		};
		CAA3D74C29CFB48D00876EDC /* BowlersRepository */ = {
			isa = XCSwiftPackageProductDependency;
			productName = BowlersRepository;
		};
		CAA3D74E29CFB49200876EDC /* DatabaseService */ = {
			isa = XCSwiftPackageProductDependency;
			productName = DatabaseService;
		};
		CAA668BD2A8F29A800DF3E75 /* EmailService */ = {
			isa = XCSwiftPackageProductDependency;
			productName = EmailService;
		};
		CABEC0CE29CBF9CD003CF669 /* AddressLookupService */ = {
			isa = XCSwiftPackageProductDependency;
			productName = AddressLookupService;
		};
		CABED8AD2CAFBD8300B2D1CE /* BadgesService */ = {
			isa = XCSwiftPackageProductDependency;
			productName = BadgesService;
		};
		CAC458A22AB838C500898C16 /* ImportExportService */ = {
			isa = XCSwiftPackageProductDependency;
			productName = ImportExportService;
		};
		CAC51C192A4FDF9D00A99164 /* DatabaseMockingService */ = {
			isa = XCSwiftPackageProductDependency;
			productName = DatabaseMockingService;
		};
		CAC51C1B2A4FFE8D00A99164 /* TestDatabaseUtilitiesLibrary */ = {
			isa = XCSwiftPackageProductDependency;
			productName = TestDatabaseUtilitiesLibrary;
		};
		CAC51C1D2A51412300A99164 /* StatisticsWidgetsRepository */ = {
			isa = XCSwiftPackageProductDependency;
			productName = StatisticsWidgetsRepository;
		};
		CAC56850291F54A100192D12 /* PreferenceService */ = {
			isa = XCSwiftPackageProductDependency;
			productName = PreferenceService;
		};
		CAC56852291F54A100192D12 /* RecentlyUsedService */ = {
			isa = XCSwiftPackageProductDependency;
			productName = RecentlyUsedService;
		};
		CAC7A9F72BFA61FE00F35921 /* ZIPService */ = {
			isa = XCSwiftPackageProductDependency;
			productName = ZIPService;
		};
		CAD15BB629FB91270015E4CB /* LocationsRepository */ = {
			isa = XCSwiftPackageProductDependency;
			productName = LocationsRepository;
		};
		CAD15BB829FDF8DF0015E4CB /* FramesRepository */ = {
			isa = XCSwiftPackageProductDependency;
			productName = FramesRepository;
		};
		CAD15BBA29FDF8E40015E4CB /* GamesRepository */ = {
			isa = XCSwiftPackageProductDependency;
			productName = GamesRepository;
		};
		CAD15BC029FDFF890015E4CB /* TestDatabaseUtilitiesLibrary */ = {
			isa = XCSwiftPackageProductDependency;
			productName = TestDatabaseUtilitiesLibrary;
		};
		CAECBAEA2ABD7323007713A8 /* LanesRepository */ = {
			isa = XCSwiftPackageProductDependency;
			productName = LanesRepository;
		};
		CAFD57622C38AF9E00004F4C /* AvatarService */ = {
			isa = XCSwiftPackageProductDependency;
			productName = AvatarService;
		};
		CAFD57642C38AFA200004F4C /* AvatarEditorFeature */ = {
			isa = XCSwiftPackageProductDependency;
			productName = AvatarEditorFeature;
		};
		CAFF2FCA2AB19B3000AE31BF /* AvatarService */ = {
			isa = XCSwiftPackageProductDependency;
			productName = AvatarService;
		};
/* End XCSwiftPackageProductDependency section */
	};
	rootObject = CA8BBC4D28D59B8B00653A1E /* Project object */;
}
