// !$*UTF8*$!
{
	archiveVersion = 1;
	classes = {
	};
	objectVersion = 56;
	objects = {

/* Begin PBXBuildFile section */
		CA1442322924582D00D39B86 /* GearDataProvider in Frameworks */ = {isa = PBXBuildFile; productRef = CA1442312924582D00D39B86 /* GearDataProvider */; };
		CA2513FE296BEE4200EF3F1A /* OpponentsDataProvider in Frameworks */ = {isa = PBXBuildFile; productRef = CA2513FD296BEE4200EF3F1A /* OpponentsDataProvider */; };
		CA2890DE28F87FF2003C1EE9 /* AppFeature in Frameworks */ = {isa = PBXBuildFile; productRef = CA2890DD28F87FF2003C1EE9 /* AppFeature */; };
		CA2890E328F8DA53003C1EE9 /* PersistenceService in Frameworks */ = {isa = PBXBuildFile; productRef = CA2890E228F8DA53003C1EE9 /* PersistenceService */; };
		CA2E6A6F29BAA6CE00CCA917 /* File.swift in Sources */ = {isa = PBXBuildFile; fileRef = CA2E6A6E29BAA6CE00CCA917 /* File.swift */; };
		CA2E6A7129BAA6D500CCA917 /* File.swift in Sources */ = {isa = PBXBuildFile; fileRef = CA2E6A7029BAA6D500CCA917 /* File.swift */; };
		CA2E6A7329BAA6DC00CCA917 /* File.swift in Sources */ = {isa = PBXBuildFile; fileRef = CA2E6A7229BAA6DC00CCA917 /* File.swift */; };
		CA318B402999E1F500BD4BEC /* AnalyticsService in Frameworks */ = {isa = PBXBuildFile; productRef = CA318B3F2999E1F500BD4BEC /* AnalyticsService */; };
		CA50C6852963A4FB002F6F20 /* AveragesDataProvider in Frameworks */ = {isa = PBXBuildFile; productRef = CA50C6842963A4FB002F6F20 /* AveragesDataProvider */; };
		CA632F5829BD26E200272ADB /* GameEditorPreviewApp.swift in Sources */ = {isa = PBXBuildFile; fileRef = CA632F5729BD26E200272ADB /* GameEditorPreviewApp.swift */; };
		CA632F5C29BD26E300272ADB /* Assets.xcassets in Resources */ = {isa = PBXBuildFile; fileRef = CA632F5B29BD26E300272ADB /* Assets.xcassets */; };
		CA632F6629BD293E00272ADB /* GamesEditorFeature in Frameworks */ = {isa = PBXBuildFile; productRef = CA632F6529BD293E00272ADB /* GamesEditorFeature */; };
		CA681DEE29B94BE900535750 /* AvatarService in Frameworks */ = {isa = PBXBuildFile; productRef = CA681DED29B94BE900535750 /* AvatarService */; };
		CA81F9E0293DAD0B0061D1D9 /* LanesDataProvider in Frameworks */ = {isa = PBXBuildFile; productRef = CA81F9DF293DAD0B0061D1D9 /* LanesDataProvider */; };
		CA8BBC5928D59B8B00653A1E /* ApproachApp.swift in Sources */ = {isa = PBXBuildFile; fileRef = CA8BBC5828D59B8B00653A1E /* ApproachApp.swift */; };
		CA8BBC5B28D59B8B00653A1E /* ContentView.swift in Sources */ = {isa = PBXBuildFile; fileRef = CA8BBC5A28D59B8B00653A1E /* ContentView.swift */; };
		CA8BBC5D28D59B8C00653A1E /* Assets.xcassets in Resources */ = {isa = PBXBuildFile; fileRef = CA8BBC5C28D59B8C00653A1E /* Assets.xcassets */; };
		CA8BBC6028D59B8C00653A1E /* Preview Assets.xcassets in Resources */ = {isa = PBXBuildFile; fileRef = CA8BBC5F28D59B8C00653A1E /* Preview Assets.xcassets */; };
		CA94DD642900B3AC00B81A87 /* FileManagerService in Frameworks */ = {isa = PBXBuildFile; productRef = CA94DD632900B3AC00B81A87 /* FileManagerService */; };
		CAC13AA929203D6600DD36A5 /* AlleysDataProvider in Frameworks */ = {isa = PBXBuildFile; productRef = CAC13AA829203D6600DD36A5 /* AlleysDataProvider */; };
		CAC13AAB292045B700DD36A5 /* BowlersDataProvider in Frameworks */ = {isa = PBXBuildFile; productRef = CAC13AAA292045B700DD36A5 /* BowlersDataProvider */; };
		CAC13AAD29204EA000DD36A5 /* FramesDataProvider in Frameworks */ = {isa = PBXBuildFile; productRef = CAC13AAC29204EA000DD36A5 /* FramesDataProvider */; };
		CAC13AAF29205E4E00DD36A5 /* GamesDataProvider in Frameworks */ = {isa = PBXBuildFile; productRef = CAC13AAE29205E4E00DD36A5 /* GamesDataProvider */; };
		CAC13AB129205E5100DD36A5 /* LeaguesDataProvider in Frameworks */ = {isa = PBXBuildFile; productRef = CAC13AB029205E5100DD36A5 /* LeaguesDataProvider */; };
		CAC13AB329205E5600DD36A5 /* SeriesDataProvider in Frameworks */ = {isa = PBXBuildFile; productRef = CAC13AB229205E5600DD36A5 /* SeriesDataProvider */; };
		CAC56851291F54A100192D12 /* PreferenceService in Frameworks */ = {isa = PBXBuildFile; productRef = CAC56850291F54A100192D12 /* PreferenceService */; };
		CAC56853291F54A100192D12 /* RecentlyUsedService in Frameworks */ = {isa = PBXBuildFile; productRef = CAC56852291F54A100192D12 /* RecentlyUsedService */; };
		CAF80290295D67FC00B19459 /* FeatureFlagsService in Frameworks */ = {isa = PBXBuildFile; productRef = CAF8028F295D67FC00B19459 /* FeatureFlagsService */; };
		CAFCA04429641D0A000702EF /* TeamsDataProvider in Frameworks */ = {isa = PBXBuildFile; productRef = CAFCA04329641D0A000702EF /* TeamsDataProvider */; };
/* End PBXBuildFile section */

/* Begin PBXContainerItemProxy section */
		CA208F9F29BA76730018DDE1 /* PBXContainerItemProxy */ = {
			isa = PBXContainerItemProxy;
			containerPortal = CA8BBC4D28D59B8B00653A1E /* Project object */;
			proxyType = 1;
			remoteGlobalIDString = CA8BBC5428D59B8B00653A1E;
			remoteInfo = Approach;
		};
		CA208FAC29BA8A0B0018DDE1 /* PBXContainerItemProxy */ = {
			isa = PBXContainerItemProxy;
			containerPortal = CA8BBC4D28D59B8B00653A1E /* Project object */;
			proxyType = 1;
			remoteGlobalIDString = CA8BBC5428D59B8B00653A1E;
			remoteInfo = Approach;
		};
		CA208FBB29BA90C20018DDE1 /* PBXContainerItemProxy */ = {
			isa = PBXContainerItemProxy;
			containerPortal = CA8BBC4D28D59B8B00653A1E /* Project object */;
			proxyType = 1;
			remoteGlobalIDString = CA8BBC5428D59B8B00653A1E;
			remoteInfo = Approach;
		};
/* End PBXContainerItemProxy section */

/* Begin PBXFileReference section */
		CA208F9929BA76730018DDE1 /* ApproachFeatureTests.xctest */ = {isa = PBXFileReference; explicitFileType = wrapper.cfbundle; includeInIndex = 0; path = ApproachFeatureTests.xctest; sourceTree = BUILT_PRODUCTS_DIR; };
		CA208FA829BA8A0B0018DDE1 /* ApproachTests.xctest */ = {isa = PBXFileReference; explicitFileType = wrapper.cfbundle; includeInIndex = 0; path = ApproachTests.xctest; sourceTree = BUILT_PRODUCTS_DIR; };
		CA208FB529BA90C20018DDE1 /* ApproachSnapshotTests.xctest */ = {isa = PBXFileReference; explicitFileType = wrapper.cfbundle; includeInIndex = 0; path = ApproachSnapshotTests.xctest; sourceTree = BUILT_PRODUCTS_DIR; };
		CA2E6A6E29BAA6CE00CCA917 /* File.swift */ = {isa = PBXFileReference; lastKnownFileType = sourcecode.swift; path = File.swift; sourceTree = "<group>"; };
		CA2E6A7029BAA6D500CCA917 /* File.swift */ = {isa = PBXFileReference; lastKnownFileType = sourcecode.swift; path = File.swift; sourceTree = "<group>"; };
		CA2E6A7229BAA6DC00CCA917 /* File.swift */ = {isa = PBXFileReference; lastKnownFileType = sourcecode.swift; path = File.swift; sourceTree = "<group>"; };
		CA2F033928F87C4100030BFE /* Approach */ = {isa = PBXFileReference; lastKnownFileType = wrapper; path = Approach; sourceTree = "<group>"; };
		CA318B3D2999DEE500BD4BEC /* Release.xcconfig */ = {isa = PBXFileReference; lastKnownFileType = text.xcconfig; path = Release.xcconfig; sourceTree = "<group>"; };
		CA318B3E2999DF1300BD4BEC /* Debug.xcconfig */ = {isa = PBXFileReference; lastKnownFileType = text.xcconfig; path = Debug.xcconfig; sourceTree = "<group>"; };
		CA632F5529BD26E200272ADB /* GameEditorPreview.app */ = {isa = PBXFileReference; explicitFileType = wrapper.application; includeInIndex = 0; path = GameEditorPreview.app; sourceTree = BUILT_PRODUCTS_DIR; };
		CA632F5729BD26E200272ADB /* GameEditorPreviewApp.swift */ = {isa = PBXFileReference; lastKnownFileType = sourcecode.swift; path = GameEditorPreviewApp.swift; sourceTree = "<group>"; };
		CA632F5B29BD26E300272ADB /* Assets.xcassets */ = {isa = PBXFileReference; lastKnownFileType = folder.assetcatalog; path = Assets.xcassets; sourceTree = "<group>"; };
		CA8BBC5528D59B8B00653A1E /* Approach.app */ = {isa = PBXFileReference; explicitFileType = wrapper.application; includeInIndex = 0; path = Approach.app; sourceTree = BUILT_PRODUCTS_DIR; };
		CA8BBC5828D59B8B00653A1E /* ApproachApp.swift */ = {isa = PBXFileReference; lastKnownFileType = sourcecode.swift; path = ApproachApp.swift; sourceTree = "<group>"; };
		CA8BBC5A28D59B8B00653A1E /* ContentView.swift */ = {isa = PBXFileReference; lastKnownFileType = sourcecode.swift; path = ContentView.swift; sourceTree = "<group>"; };
		CA8BBC5C28D59B8C00653A1E /* Assets.xcassets */ = {isa = PBXFileReference; lastKnownFileType = folder.assetcatalog; path = Assets.xcassets; sourceTree = "<group>"; };
		CA8BBC5F28D59B8C00653A1E /* Preview Assets.xcassets */ = {isa = PBXFileReference; lastKnownFileType = folder.assetcatalog; path = "Preview Assets.xcassets"; sourceTree = "<group>"; };
/* End PBXFileReference section */

/* Begin PBXFrameworksBuildPhase section */
		CA208F9629BA76730018DDE1 /* Frameworks */ = {
			isa = PBXFrameworksBuildPhase;
			buildActionMask = 2147483647;
			files = (
			);
			runOnlyForDeploymentPostprocessing = 0;
		};
		CA208FA529BA8A0B0018DDE1 /* Frameworks */ = {
			isa = PBXFrameworksBuildPhase;
			buildActionMask = 2147483647;
			files = (
			);
			runOnlyForDeploymentPostprocessing = 0;
		};
		CA208FB229BA90C20018DDE1 /* Frameworks */ = {
			isa = PBXFrameworksBuildPhase;
			buildActionMask = 2147483647;
			files = (
			);
			runOnlyForDeploymentPostprocessing = 0;
		};
		CA632F5229BD26E200272ADB /* Frameworks */ = {
			isa = PBXFrameworksBuildPhase;
			buildActionMask = 2147483647;
			files = (
				CA632F6629BD293E00272ADB /* GamesEditorFeature in Frameworks */,
			);
			runOnlyForDeploymentPostprocessing = 0;
		};
		CA8BBC5228D59B8B00653A1E /* Frameworks */ = {
			isa = PBXFrameworksBuildPhase;
			buildActionMask = 2147483647;
			files = (
				CA2513FE296BEE4200EF3F1A /* OpponentsDataProvider in Frameworks */,
				CAFCA04429641D0A000702EF /* TeamsDataProvider in Frameworks */,
				CA50C6852963A4FB002F6F20 /* AveragesDataProvider in Frameworks */,
				CA2890DE28F87FF2003C1EE9 /* AppFeature in Frameworks */,
				CA81F9E0293DAD0B0061D1D9 /* LanesDataProvider in Frameworks */,
				CA94DD642900B3AC00B81A87 /* FileManagerService in Frameworks */,
				CAC56851291F54A100192D12 /* PreferenceService in Frameworks */,
				CAC13AB129205E5100DD36A5 /* LeaguesDataProvider in Frameworks */,
				CA2890E328F8DA53003C1EE9 /* PersistenceService in Frameworks */,
				CA681DEE29B94BE900535750 /* AvatarService in Frameworks */,
				CAC13AB329205E5600DD36A5 /* SeriesDataProvider in Frameworks */,
				CAF80290295D67FC00B19459 /* FeatureFlagsService in Frameworks */,
				CA318B402999E1F500BD4BEC /* AnalyticsService in Frameworks */,
				CAC13AA929203D6600DD36A5 /* AlleysDataProvider in Frameworks */,
				CAC13AAD29204EA000DD36A5 /* FramesDataProvider in Frameworks */,
				CAC13AAB292045B700DD36A5 /* BowlersDataProvider in Frameworks */,
				CAC56853291F54A100192D12 /* RecentlyUsedService in Frameworks */,
				CA1442322924582D00D39B86 /* GearDataProvider in Frameworks */,
				CAC13AAF29205E4E00DD36A5 /* GamesDataProvider in Frameworks */,
			);
			runOnlyForDeploymentPostprocessing = 0;
		};
/* End PBXFrameworksBuildPhase section */

/* Begin PBXGroup section */
		CA208F9A29BA76730018DDE1 /* ApproachFeatureTests */ = {
			isa = PBXGroup;
			children = (
				CA2E6A6E29BAA6CE00CCA917 /* File.swift */,
			);
			path = ApproachFeatureTests;
			sourceTree = "<group>";
		};
		CA208FA929BA8A0B0018DDE1 /* ApproachTests */ = {
			isa = PBXGroup;
			children = (
				CA2E6A7029BAA6D500CCA917 /* File.swift */,
			);
			path = ApproachTests;
			sourceTree = "<group>";
		};
		CA208FB629BA90C20018DDE1 /* ApproachSnapshotTests */ = {
			isa = PBXGroup;
			children = (
				CA2E6A7229BAA6DC00CCA917 /* File.swift */,
			);
			path = ApproachSnapshotTests;
			sourceTree = "<group>";
		};
		CA2890DC28F87FF2003C1EE9 /* Frameworks */ = {
			isa = PBXGroup;
			children = (
			);
			name = Frameworks;
			sourceTree = "<group>";
		};
		CA2F033828F8797100030BFE /* Source */ = {
			isa = PBXGroup;
			children = (
				CA8BBC5828D59B8B00653A1E /* ApproachApp.swift */,
				CA8BBC5A28D59B8B00653A1E /* ContentView.swift */,
			);
			path = Source;
			sourceTree = "<group>";
		};
		CA318B3C2999DED000BD4BEC /* Resources */ = {
			isa = PBXGroup;
			children = (
				CA318B3D2999DEE500BD4BEC /* Release.xcconfig */,
				CA318B3E2999DF1300BD4BEC /* Debug.xcconfig */,
			);
			path = Resources;
			sourceTree = "<group>";
		};
		CA632F5629BD26E200272ADB /* GameEditorPreview */ = {
			isa = PBXGroup;
			children = (
				CA632F5729BD26E200272ADB /* GameEditorPreviewApp.swift */,
				CA632F5B29BD26E300272ADB /* Assets.xcassets */,
			);
			path = GameEditorPreview;
			sourceTree = "<group>";
		};
		CA632F6329BD26F200272ADB /* Previews */ = {
			isa = PBXGroup;
			children = (
				CA632F5629BD26E200272ADB /* GameEditorPreview */,
			);
			path = Previews;
			sourceTree = "<group>";
		};
		CA632F6429BD26FD00272ADB /* Tests */ = {
			isa = PBXGroup;
			children = (
				CA208F9A29BA76730018DDE1 /* ApproachFeatureTests */,
				CA208FA929BA8A0B0018DDE1 /* ApproachTests */,
				CA208FB629BA90C20018DDE1 /* ApproachSnapshotTests */,
			);
			path = Tests;
			sourceTree = "<group>";
		};
		CA8BBC4C28D59B8B00653A1E = {
			isa = PBXGroup;
			children = (
				CA2F033928F87C4100030BFE /* Approach */,
				CA8BBC5728D59B8B00653A1E /* ApproachIOS */,
				CA632F6429BD26FD00272ADB /* Tests */,
				CA632F6329BD26F200272ADB /* Previews */,
				CA8BBC5628D59B8B00653A1E /* Products */,
				CA2890DC28F87FF2003C1EE9 /* Frameworks */,
			);
			sourceTree = "<group>";
		};
		CA8BBC5628D59B8B00653A1E /* Products */ = {
			isa = PBXGroup;
			children = (
				CA8BBC5528D59B8B00653A1E /* Approach.app */,
				CA208F9929BA76730018DDE1 /* ApproachFeatureTests.xctest */,
				CA208FA829BA8A0B0018DDE1 /* ApproachTests.xctest */,
				CA208FB529BA90C20018DDE1 /* ApproachSnapshotTests.xctest */,
				CA632F5529BD26E200272ADB /* GameEditorPreview.app */,
			);
			name = Products;
			sourceTree = "<group>";
		};
		CA8BBC5728D59B8B00653A1E /* ApproachIOS */ = {
			isa = PBXGroup;
			children = (
				CA8BBC5C28D59B8C00653A1E /* Assets.xcassets */,
				CA8BBC5E28D59B8C00653A1E /* Preview Content */,
				CA318B3C2999DED000BD4BEC /* Resources */,
				CA2F033828F8797100030BFE /* Source */,
			);
			path = ApproachIOS;
			sourceTree = "<group>";
		};
		CA8BBC5E28D59B8C00653A1E /* Preview Content */ = {
			isa = PBXGroup;
			children = (
				CA8BBC5F28D59B8C00653A1E /* Preview Assets.xcassets */,
			);
			path = "Preview Content";
			sourceTree = "<group>";
		};
/* End PBXGroup section */

/* Begin PBXNativeTarget section */
		CA208F9829BA76730018DDE1 /* ApproachFeatureTests */ = {
			isa = PBXNativeTarget;
			buildConfigurationList = CA208FA329BA76730018DDE1 /* Build configuration list for PBXNativeTarget "ApproachFeatureTests" */;
			buildPhases = (
				CA208F9529BA76730018DDE1 /* Sources */,
				CA208F9629BA76730018DDE1 /* Frameworks */,
				CA208F9729BA76730018DDE1 /* Resources */,
			);
			buildRules = (
			);
			dependencies = (
				CA208FA029BA76730018DDE1 /* PBXTargetDependency */,
			);
			name = ApproachFeatureTests;
			productName = ApproachFeatureTests;
			productReference = CA208F9929BA76730018DDE1 /* ApproachFeatureTests.xctest */;
			productType = "com.apple.product-type.bundle.ui-testing";
		};
		CA208FA729BA8A0B0018DDE1 /* ApproachTests */ = {
			isa = PBXNativeTarget;
			buildConfigurationList = CA208FAE29BA8A0B0018DDE1 /* Build configuration list for PBXNativeTarget "ApproachTests" */;
			buildPhases = (
				CA208FA429BA8A0B0018DDE1 /* Sources */,
				CA208FA529BA8A0B0018DDE1 /* Frameworks */,
				CA208FA629BA8A0B0018DDE1 /* Resources */,
			);
			buildRules = (
			);
			dependencies = (
				CA208FAD29BA8A0B0018DDE1 /* PBXTargetDependency */,
			);
			name = ApproachTests;
			productName = ApproachTests;
			productReference = CA208FA829BA8A0B0018DDE1 /* ApproachTests.xctest */;
			productType = "com.apple.product-type.bundle.unit-test";
		};
		CA208FB429BA90C20018DDE1 /* ApproachSnapshotTests */ = {
			isa = PBXNativeTarget;
			buildConfigurationList = CA208FBD29BA90C20018DDE1 /* Build configuration list for PBXNativeTarget "ApproachSnapshotTests" */;
			buildPhases = (
				CA208FB129BA90C20018DDE1 /* Sources */,
				CA208FB229BA90C20018DDE1 /* Frameworks */,
				CA208FB329BA90C20018DDE1 /* Resources */,
			);
			buildRules = (
			);
			dependencies = (
				CA208FBC29BA90C20018DDE1 /* PBXTargetDependency */,
			);
			name = ApproachSnapshotTests;
			productName = ApproachSnapshotTests;
			productReference = CA208FB529BA90C20018DDE1 /* ApproachSnapshotTests.xctest */;
			productType = "com.apple.product-type.bundle.ui-testing";
		};
		CA632F5429BD26E200272ADB /* GameEditorPreview */ = {
			isa = PBXNativeTarget;
			buildConfigurationList = CA632F6229BD26E300272ADB /* Build configuration list for PBXNativeTarget "GameEditorPreview" */;
			buildPhases = (
				CA632F5129BD26E200272ADB /* Sources */,
				CA632F5229BD26E200272ADB /* Frameworks */,
				CA632F5329BD26E200272ADB /* Resources */,
			);
			buildRules = (
			);
			dependencies = (
			);
			name = GameEditorPreview;
			packageProductDependencies = (
				CA632F6529BD293E00272ADB /* GamesEditorFeature */,
			);
			productName = GameEditorPreview;
			productReference = CA632F5529BD26E200272ADB /* GameEditorPreview.app */;
			productType = "com.apple.product-type.application";
		};
		CA8BBC5428D59B8B00653A1E /* Approach */ = {
			isa = PBXNativeTarget;
			buildConfigurationList = CA8BBC7928D59B8C00653A1E /* Build configuration list for PBXNativeTarget "Approach" */;
			buildPhases = (
				CA2890DF28F882FC003C1EE9 /* SwiftLint */,
				CA8BBC5128D59B8B00653A1E /* Sources */,
				CA8BBC5228D59B8B00653A1E /* Frameworks */,
				CA8BBC5328D59B8B00653A1E /* Resources */,
			);
			buildRules = (
			);
			dependencies = (
			);
			name = Approach;
			packageProductDependencies = (
				CA2890DD28F87FF2003C1EE9 /* AppFeature */,
				CA2890E228F8DA53003C1EE9 /* PersistenceService */,
				CA94DD632900B3AC00B81A87 /* FileManagerService */,
				CAC56850291F54A100192D12 /* PreferenceService */,
				CAC56852291F54A100192D12 /* RecentlyUsedService */,
				CAC13AA829203D6600DD36A5 /* AlleysDataProvider */,
				CAC13AAA292045B700DD36A5 /* BowlersDataProvider */,
				CAC13AAC29204EA000DD36A5 /* FramesDataProvider */,
				CAC13AAE29205E4E00DD36A5 /* GamesDataProvider */,
				CAC13AB029205E5100DD36A5 /* LeaguesDataProvider */,
				CAC13AB229205E5600DD36A5 /* SeriesDataProvider */,
				CA1442312924582D00D39B86 /* GearDataProvider */,
				CA81F9DF293DAD0B0061D1D9 /* LanesDataProvider */,
				CAF8028F295D67FC00B19459 /* FeatureFlagsService */,
				CA50C6842963A4FB002F6F20 /* AveragesDataProvider */,
				CAFCA04329641D0A000702EF /* TeamsDataProvider */,
				CA2513FD296BEE4200EF3F1A /* OpponentsDataProvider */,
				CA318B3F2999E1F500BD4BEC /* AnalyticsService */,
				CA681DED29B94BE900535750 /* AvatarService */,
			);
			productName = Approach;
			productReference = CA8BBC5528D59B8B00653A1E /* Approach.app */;
			productType = "com.apple.product-type.application";
		};
/* End PBXNativeTarget section */

/* Begin PBXProject section */
		CA8BBC4D28D59B8B00653A1E /* Project object */ = {
			isa = PBXProject;
			attributes = {
				BuildIndependentTargetsInParallel = 1;
				LastSwiftUpdateCheck = 1420;
				LastUpgradeCheck = 1400;
				TargetAttributes = {
					CA208F9829BA76730018DDE1 = {
						CreatedOnToolsVersion = 14.2;
						LastSwiftMigration = 1420;
						TestTargetID = CA8BBC5428D59B8B00653A1E;
					};
					CA208FA729BA8A0B0018DDE1 = {
						CreatedOnToolsVersion = 14.2;
						LastSwiftMigration = 1420;
					};
					CA208FB429BA90C20018DDE1 = {
						CreatedOnToolsVersion = 14.2;
						LastSwiftMigration = 1420;
						TestTargetID = CA8BBC5428D59B8B00653A1E;
					};
					CA632F5429BD26E200272ADB = {
						CreatedOnToolsVersion = 14.2;
					};
					CA8BBC5428D59B8B00653A1E = {
						CreatedOnToolsVersion = 14.0;
					};
				};
			};
			buildConfigurationList = CA8BBC5028D59B8B00653A1E /* Build configuration list for PBXProject "Approach" */;
			compatibilityVersion = "Xcode 14.0";
			developmentRegion = en;
			hasScannedForEncodings = 0;
			knownRegions = (
				en,
				Base,
			);
			mainGroup = CA8BBC4C28D59B8B00653A1E;
			productRefGroup = CA8BBC5628D59B8B00653A1E /* Products */;
			projectDirPath = "";
			projectRoot = "";
			targets = (
				CA8BBC5428D59B8B00653A1E /* Approach */,
				CA208F9829BA76730018DDE1 /* ApproachFeatureTests */,
				CA208FB429BA90C20018DDE1 /* ApproachSnapshotTests */,
				CA208FA729BA8A0B0018DDE1 /* ApproachTests */,
				CA632F5429BD26E200272ADB /* GameEditorPreview */,
			);
		};
/* End PBXProject section */

/* Begin PBXResourcesBuildPhase section */
		CA208F9729BA76730018DDE1 /* Resources */ = {
			isa = PBXResourcesBuildPhase;
			buildActionMask = 2147483647;
			files = (
			);
			runOnlyForDeploymentPostprocessing = 0;
		};
		CA208FA629BA8A0B0018DDE1 /* Resources */ = {
			isa = PBXResourcesBuildPhase;
			buildActionMask = 2147483647;
			files = (
			);
			runOnlyForDeploymentPostprocessing = 0;
		};
		CA208FB329BA90C20018DDE1 /* Resources */ = {
			isa = PBXResourcesBuildPhase;
			buildActionMask = 2147483647;
			files = (
			);
			runOnlyForDeploymentPostprocessing = 0;
		};
		CA632F5329BD26E200272ADB /* Resources */ = {
			isa = PBXResourcesBuildPhase;
			buildActionMask = 2147483647;
			files = (
				CA632F5C29BD26E300272ADB /* Assets.xcassets in Resources */,
			);
			runOnlyForDeploymentPostprocessing = 0;
		};
		CA8BBC5328D59B8B00653A1E /* Resources */ = {
			isa = PBXResourcesBuildPhase;
			buildActionMask = 2147483647;
			files = (
				CA8BBC6028D59B8C00653A1E /* Preview Assets.xcassets in Resources */,
				CA8BBC5D28D59B8C00653A1E /* Assets.xcassets in Resources */,
			);
			runOnlyForDeploymentPostprocessing = 0;
		};
/* End PBXResourcesBuildPhase section */

/* Begin PBXShellScriptBuildPhase section */
		CA2890DF28F882FC003C1EE9 /* SwiftLint */ = {
			isa = PBXShellScriptBuildPhase;
			alwaysOutOfDate = 1;
			buildActionMask = 12;
			files = (
			);
			inputFileListPaths = (
			);
			inputPaths = (
			);
			name = SwiftLint;
			outputFileListPaths = (
			);
			outputPaths = (
			);
			runOnlyForDeploymentPostprocessing = 0;
			shellPath = /bin/sh;
			shellScript = "if which swiftlint > /dev/null; then\n\tswiftlint\nelse\n\techo \"warning: SwiftLint not installed, download from https://github.com/realm/SwiftLint\"\nfi\n";
		};
/* End PBXShellScriptBuildPhase section */

/* Begin PBXSourcesBuildPhase section */
		CA208F9529BA76730018DDE1 /* Sources */ = {
			isa = PBXSourcesBuildPhase;
			buildActionMask = 2147483647;
			files = (
				CA2E6A6F29BAA6CE00CCA917 /* File.swift in Sources */,
			);
			runOnlyForDeploymentPostprocessing = 0;
		};
		CA208FA429BA8A0B0018DDE1 /* Sources */ = {
			isa = PBXSourcesBuildPhase;
			buildActionMask = 2147483647;
			files = (
				CA2E6A7129BAA6D500CCA917 /* File.swift in Sources */,
			);
			runOnlyForDeploymentPostprocessing = 0;
		};
		CA208FB129BA90C20018DDE1 /* Sources */ = {
			isa = PBXSourcesBuildPhase;
			buildActionMask = 2147483647;
			files = (
				CA2E6A7329BAA6DC00CCA917 /* File.swift in Sources */,
			);
			runOnlyForDeploymentPostprocessing = 0;
		};
		CA632F5129BD26E200272ADB /* Sources */ = {
			isa = PBXSourcesBuildPhase;
			buildActionMask = 2147483647;
			files = (
				CA632F5829BD26E200272ADB /* GameEditorPreviewApp.swift in Sources */,
			);
			runOnlyForDeploymentPostprocessing = 0;
		};
		CA8BBC5128D59B8B00653A1E /* Sources */ = {
			isa = PBXSourcesBuildPhase;
			buildActionMask = 2147483647;
			files = (
				CA8BBC5B28D59B8B00653A1E /* ContentView.swift in Sources */,
				CA8BBC5928D59B8B00653A1E /* ApproachApp.swift in Sources */,
			);
			runOnlyForDeploymentPostprocessing = 0;
		};
/* End PBXSourcesBuildPhase section */

/* Begin PBXTargetDependency section */
		CA208FA029BA76730018DDE1 /* PBXTargetDependency */ = {
			isa = PBXTargetDependency;
			target = CA8BBC5428D59B8B00653A1E /* Approach */;
			targetProxy = CA208F9F29BA76730018DDE1 /* PBXContainerItemProxy */;
		};
		CA208FAD29BA8A0B0018DDE1 /* PBXTargetDependency */ = {
			isa = PBXTargetDependency;
			target = CA8BBC5428D59B8B00653A1E /* Approach */;
			targetProxy = CA208FAC29BA8A0B0018DDE1 /* PBXContainerItemProxy */;
		};
		CA208FBC29BA90C20018DDE1 /* PBXTargetDependency */ = {
			isa = PBXTargetDependency;
			target = CA8BBC5428D59B8B00653A1E /* Approach */;
			targetProxy = CA208FBB29BA90C20018DDE1 /* PBXContainerItemProxy */;
		};
/* End PBXTargetDependency section */

/* Begin XCBuildConfiguration section */
		CA208FA129BA76730018DDE1 /* Debug */ = {
			isa = XCBuildConfiguration;
			buildSettings = {
				CLANG_ENABLE_MODULES = YES;
				CODE_SIGN_STYLE = Automatic;
				CURRENT_PROJECT_VERSION = 1;
				DEVELOPMENT_TEAM = 3UBRXR267C;
				GENERATE_INFOPLIST_FILE = YES;
				IPHONEOS_DEPLOYMENT_TARGET = 16.0;
				LD_RUNPATH_SEARCH_PATHS = (
					"$(inherited)",
					"@executable_path/Frameworks",
					"@loader_path/Frameworks",
				);
				MARKETING_VERSION = 1.0;
				PRODUCT_BUNDLE_IDENTIFIER = ca.josephroque.ApproachFeatureTests;
				PRODUCT_NAME = "$(TARGET_NAME)";
				SUPPORTED_PLATFORMS = "iphoneos iphonesimulator";
				SUPPORTS_MACCATALYST = NO;
				SUPPORTS_MAC_DESIGNED_FOR_IPHONE_IPAD = YES;
				SWIFT_EMIT_LOC_STRINGS = NO;
				SWIFT_OPTIMIZATION_LEVEL = "-Onone";
				SWIFT_VERSION = 5.0;
				TARGETED_DEVICE_FAMILY = "1,2";
				TEST_TARGET_NAME = Approach;
			};
			name = Debug;
		};
		CA208FA229BA76730018DDE1 /* Release */ = {
			isa = XCBuildConfiguration;
			buildSettings = {
				CLANG_ENABLE_MODULES = YES;
				CODE_SIGN_STYLE = Automatic;
				CURRENT_PROJECT_VERSION = 1;
				DEVELOPMENT_TEAM = 3UBRXR267C;
				GENERATE_INFOPLIST_FILE = YES;
				IPHONEOS_DEPLOYMENT_TARGET = 16.0;
				LD_RUNPATH_SEARCH_PATHS = (
					"$(inherited)",
					"@executable_path/Frameworks",
					"@loader_path/Frameworks",
				);
				MARKETING_VERSION = 1.0;
				PRODUCT_BUNDLE_IDENTIFIER = ca.josephroque.ApproachFeatureTests;
				PRODUCT_NAME = "$(TARGET_NAME)";
				SUPPORTED_PLATFORMS = "iphoneos iphonesimulator";
				SUPPORTS_MACCATALYST = NO;
				SUPPORTS_MAC_DESIGNED_FOR_IPHONE_IPAD = YES;
				SWIFT_EMIT_LOC_STRINGS = NO;
				SWIFT_VERSION = 5.0;
				TARGETED_DEVICE_FAMILY = "1,2";
				TEST_TARGET_NAME = Approach;
			};
			name = Release;
		};
		CA208FAF29BA8A0B0018DDE1 /* Debug */ = {
			isa = XCBuildConfiguration;
			buildSettings = {
				CLANG_ENABLE_MODULES = YES;
				CODE_SIGN_STYLE = Automatic;
				CURRENT_PROJECT_VERSION = 1;
				DEVELOPMENT_TEAM = 3UBRXR267C;
				GENERATE_INFOPLIST_FILE = YES;
				IPHONEOS_DEPLOYMENT_TARGET = 16.0;
				LD_RUNPATH_SEARCH_PATHS = (
					"$(inherited)",
					"@executable_path/Frameworks",
					"@loader_path/Frameworks",
				);
				MARKETING_VERSION = 1.0;
				PRODUCT_BUNDLE_IDENTIFIER = ca.josephroque.ApproachTests;
				PRODUCT_NAME = "$(TARGET_NAME)";
				SUPPORTED_PLATFORMS = "iphoneos iphonesimulator";
				SUPPORTS_MACCATALYST = NO;
				SUPPORTS_MAC_DESIGNED_FOR_IPHONE_IPAD = YES;
				SWIFT_EMIT_LOC_STRINGS = NO;
				SWIFT_OPTIMIZATION_LEVEL = "-Onone";
				SWIFT_VERSION = 5.0;
				TARGETED_DEVICE_FAMILY = "1,2";
			};
			name = Debug;
		};
		CA208FB029BA8A0B0018DDE1 /* Release */ = {
			isa = XCBuildConfiguration;
			buildSettings = {
				CLANG_ENABLE_MODULES = YES;
				CODE_SIGN_STYLE = Automatic;
				CURRENT_PROJECT_VERSION = 1;
				DEVELOPMENT_TEAM = 3UBRXR267C;
				GENERATE_INFOPLIST_FILE = YES;
				IPHONEOS_DEPLOYMENT_TARGET = 16.0;
				LD_RUNPATH_SEARCH_PATHS = (
					"$(inherited)",
					"@executable_path/Frameworks",
					"@loader_path/Frameworks",
				);
				MARKETING_VERSION = 1.0;
				PRODUCT_BUNDLE_IDENTIFIER = ca.josephroque.ApproachTests;
				PRODUCT_NAME = "$(TARGET_NAME)";
				SUPPORTED_PLATFORMS = "iphoneos iphonesimulator";
				SUPPORTS_MACCATALYST = NO;
				SUPPORTS_MAC_DESIGNED_FOR_IPHONE_IPAD = YES;
				SWIFT_EMIT_LOC_STRINGS = NO;
				SWIFT_VERSION = 5.0;
				TARGETED_DEVICE_FAMILY = "1,2";
			};
			name = Release;
		};
		CA208FBE29BA90C20018DDE1 /* Debug */ = {
			isa = XCBuildConfiguration;
			buildSettings = {
				CLANG_ENABLE_MODULES = YES;
				CODE_SIGN_STYLE = Automatic;
				CURRENT_PROJECT_VERSION = 1;
				DEVELOPMENT_TEAM = 3UBRXR267C;
				GENERATE_INFOPLIST_FILE = YES;
				IPHONEOS_DEPLOYMENT_TARGET = 16.0;
				LD_RUNPATH_SEARCH_PATHS = (
					"$(inherited)",
					"@executable_path/Frameworks",
					"@loader_path/Frameworks",
				);
				MARKETING_VERSION = 1.0;
				PRODUCT_BUNDLE_IDENTIFIER = ca.josephroque.ApproachSnapshotTests;
				PRODUCT_NAME = "$(TARGET_NAME)";
				SUPPORTED_PLATFORMS = "iphoneos iphonesimulator";
				SUPPORTS_MACCATALYST = NO;
				SUPPORTS_MAC_DESIGNED_FOR_IPHONE_IPAD = YES;
				SWIFT_EMIT_LOC_STRINGS = NO;
				SWIFT_OPTIMIZATION_LEVEL = "-Onone";
				SWIFT_VERSION = 5.0;
				TARGETED_DEVICE_FAMILY = "1,2";
				TEST_TARGET_NAME = Approach;
			};
			name = Debug;
		};
		CA208FBF29BA90C20018DDE1 /* Release */ = {
			isa = XCBuildConfiguration;
			buildSettings = {
				CLANG_ENABLE_MODULES = YES;
				CODE_SIGN_STYLE = Automatic;
				CURRENT_PROJECT_VERSION = 1;
				DEVELOPMENT_TEAM = 3UBRXR267C;
				GENERATE_INFOPLIST_FILE = YES;
				IPHONEOS_DEPLOYMENT_TARGET = 16.0;
				LD_RUNPATH_SEARCH_PATHS = (
					"$(inherited)",
					"@executable_path/Frameworks",
					"@loader_path/Frameworks",
				);
				MARKETING_VERSION = 1.0;
				PRODUCT_BUNDLE_IDENTIFIER = ca.josephroque.ApproachSnapshotTests;
				PRODUCT_NAME = "$(TARGET_NAME)";
				SUPPORTED_PLATFORMS = "iphoneos iphonesimulator";
				SUPPORTS_MACCATALYST = NO;
				SUPPORTS_MAC_DESIGNED_FOR_IPHONE_IPAD = YES;
				SWIFT_EMIT_LOC_STRINGS = NO;
				SWIFT_VERSION = 5.0;
				TARGETED_DEVICE_FAMILY = "1,2";
				TEST_TARGET_NAME = Approach;
			};
			name = Release;
		};
		CA632F6029BD26E300272ADB /* Debug */ = {
			isa = XCBuildConfiguration;
			buildSettings = {
				ASSETCATALOG_COMPILER_APPICON_NAME = AppIcon;
				ASSETCATALOG_COMPILER_GLOBAL_ACCENT_COLOR_NAME = AccentColor;
				CODE_SIGN_STYLE = Automatic;
				CURRENT_PROJECT_VERSION = 1;
				DEVELOPMENT_TEAM = 3UBRXR267C;
				ENABLE_PREVIEWS = YES;
				GENERATE_INFOPLIST_FILE = YES;
				INFOPLIST_KEY_UIApplicationSceneManifest_Generation = YES;
				INFOPLIST_KEY_UIApplicationSupportsIndirectInputEvents = YES;
				INFOPLIST_KEY_UILaunchScreen_Generation = YES;
				INFOPLIST_KEY_UISupportedInterfaceOrientations_iPad = "UIInterfaceOrientationPortrait UIInterfaceOrientationPortraitUpsideDown UIInterfaceOrientationLandscapeLeft UIInterfaceOrientationLandscapeRight";
				INFOPLIST_KEY_UISupportedInterfaceOrientations_iPhone = "UIInterfaceOrientationPortrait UIInterfaceOrientationLandscapeLeft UIInterfaceOrientationLandscapeRight";
				IPHONEOS_DEPLOYMENT_TARGET = 16.2;
				LD_RUNPATH_SEARCH_PATHS = (
					"$(inherited)",
					"@executable_path/Frameworks",
				);
				MARKETING_VERSION = 1.0;
				PRODUCT_BUNDLE_IDENTIFIER = ca.josephroque.GameEditorPreview;
				PRODUCT_NAME = "$(TARGET_NAME)";
				SWIFT_EMIT_LOC_STRINGS = YES;
				SWIFT_VERSION = 5.0;
				TARGETED_DEVICE_FAMILY = "1,2";
			};
			name = Debug;
		};
		CA632F6129BD26E300272ADB /* Release */ = {
			isa = XCBuildConfiguration;
			buildSettings = {
				ASSETCATALOG_COMPILER_APPICON_NAME = AppIcon;
				ASSETCATALOG_COMPILER_GLOBAL_ACCENT_COLOR_NAME = AccentColor;
				CODE_SIGN_STYLE = Automatic;
				CURRENT_PROJECT_VERSION = 1;
				DEVELOPMENT_TEAM = 3UBRXR267C;
				ENABLE_PREVIEWS = YES;
				GENERATE_INFOPLIST_FILE = YES;
				INFOPLIST_KEY_UIApplicationSceneManifest_Generation = YES;
				INFOPLIST_KEY_UIApplicationSupportsIndirectInputEvents = YES;
				INFOPLIST_KEY_UILaunchScreen_Generation = YES;
				INFOPLIST_KEY_UISupportedInterfaceOrientations_iPad = "UIInterfaceOrientationPortrait UIInterfaceOrientationPortraitUpsideDown UIInterfaceOrientationLandscapeLeft UIInterfaceOrientationLandscapeRight";
				INFOPLIST_KEY_UISupportedInterfaceOrientations_iPhone = "UIInterfaceOrientationPortrait UIInterfaceOrientationLandscapeLeft UIInterfaceOrientationLandscapeRight";
				IPHONEOS_DEPLOYMENT_TARGET = 16.2;
				LD_RUNPATH_SEARCH_PATHS = (
					"$(inherited)",
					"@executable_path/Frameworks",
				);
				MARKETING_VERSION = 1.0;
				PRODUCT_BUNDLE_IDENTIFIER = ca.josephroque.GameEditorPreview;
				PRODUCT_NAME = "$(TARGET_NAME)";
				SWIFT_EMIT_LOC_STRINGS = YES;
				SWIFT_VERSION = 5.0;
				TARGETED_DEVICE_FAMILY = "1,2";
			};
			name = Release;
		};
		CA8BBC7728D59B8C00653A1E /* Debug */ = {
			isa = XCBuildConfiguration;
			buildSettings = {
				ALWAYS_SEARCH_USER_PATHS = NO;
				CLANG_ANALYZER_NONNULL = YES;
				CLANG_ANALYZER_NUMBER_OBJECT_CONVERSION = YES_AGGRESSIVE;
				CLANG_CXX_LANGUAGE_STANDARD = "gnu++20";
				CLANG_ENABLE_MODULES = YES;
				CLANG_ENABLE_OBJC_ARC = YES;
				CLANG_ENABLE_OBJC_WEAK = YES;
				CLANG_WARN_BLOCK_CAPTURE_AUTORELEASING = YES;
				CLANG_WARN_BOOL_CONVERSION = YES;
				CLANG_WARN_COMMA = YES;
				CLANG_WARN_CONSTANT_CONVERSION = YES;
				CLANG_WARN_DEPRECATED_OBJC_IMPLEMENTATIONS = YES;
				CLANG_WARN_DIRECT_OBJC_ISA_USAGE = YES_ERROR;
				CLANG_WARN_DOCUMENTATION_COMMENTS = YES;
				CLANG_WARN_EMPTY_BODY = YES;
				CLANG_WARN_ENUM_CONVERSION = YES;
				CLANG_WARN_INFINITE_RECURSION = YES;
				CLANG_WARN_INT_CONVERSION = YES;
				CLANG_WARN_NON_LITERAL_NULL_CONVERSION = YES;
				CLANG_WARN_OBJC_IMPLICIT_RETAIN_SELF = YES;
				CLANG_WARN_OBJC_LITERAL_CONVERSION = YES;
				CLANG_WARN_OBJC_ROOT_CLASS = YES_ERROR;
				CLANG_WARN_QUOTED_INCLUDE_IN_FRAMEWORK_HEADER = YES;
				CLANG_WARN_RANGE_LOOP_ANALYSIS = YES;
				CLANG_WARN_STRICT_PROTOTYPES = YES;
				CLANG_WARN_SUSPICIOUS_MOVE = YES;
				CLANG_WARN_UNGUARDED_AVAILABILITY = YES_AGGRESSIVE;
				CLANG_WARN_UNREACHABLE_CODE = YES;
				CLANG_WARN__DUPLICATE_METHOD_MATCH = YES;
				COPY_PHASE_STRIP = NO;
				DEBUG_INFORMATION_FORMAT = dwarf;
				ENABLE_STRICT_OBJC_MSGSEND = YES;
				ENABLE_TESTABILITY = YES;
				GCC_C_LANGUAGE_STANDARD = gnu11;
				GCC_DYNAMIC_NO_PIC = NO;
				GCC_NO_COMMON_BLOCKS = YES;
				GCC_OPTIMIZATION_LEVEL = 0;
				GCC_PREPROCESSOR_DEFINITIONS = (
					"DEBUG=1",
					"$(inherited)",
				);
				GCC_WARN_64_TO_32_BIT_CONVERSION = YES;
				GCC_WARN_ABOUT_RETURN_TYPE = YES_ERROR;
				GCC_WARN_UNDECLARED_SELECTOR = YES;
				GCC_WARN_UNINITIALIZED_AUTOS = YES_AGGRESSIVE;
				GCC_WARN_UNUSED_FUNCTION = YES;
				GCC_WARN_UNUSED_VARIABLE = YES;
				IPHONEOS_DEPLOYMENT_TARGET = 16.0;
				MTL_ENABLE_DEBUG_INFO = INCLUDE_SOURCE;
				MTL_FAST_MATH = YES;
				ONLY_ACTIVE_ARCH = YES;
				SDKROOT = iphoneos;
				SWIFT_ACTIVE_COMPILATION_CONDITIONS = DEBUG;
				SWIFT_OPTIMIZATION_LEVEL = "-Onone";
			};
			name = Debug;
		};
		CA8BBC7828D59B8C00653A1E /* Release */ = {
			isa = XCBuildConfiguration;
			buildSettings = {
				ALWAYS_SEARCH_USER_PATHS = NO;
				CLANG_ANALYZER_NONNULL = YES;
				CLANG_ANALYZER_NUMBER_OBJECT_CONVERSION = YES_AGGRESSIVE;
				CLANG_CXX_LANGUAGE_STANDARD = "gnu++20";
				CLANG_ENABLE_MODULES = YES;
				CLANG_ENABLE_OBJC_ARC = YES;
				CLANG_ENABLE_OBJC_WEAK = YES;
				CLANG_WARN_BLOCK_CAPTURE_AUTORELEASING = YES;
				CLANG_WARN_BOOL_CONVERSION = YES;
				CLANG_WARN_COMMA = YES;
				CLANG_WARN_CONSTANT_CONVERSION = YES;
				CLANG_WARN_DEPRECATED_OBJC_IMPLEMENTATIONS = YES;
				CLANG_WARN_DIRECT_OBJC_ISA_USAGE = YES_ERROR;
				CLANG_WARN_DOCUMENTATION_COMMENTS = YES;
				CLANG_WARN_EMPTY_BODY = YES;
				CLANG_WARN_ENUM_CONVERSION = YES;
				CLANG_WARN_INFINITE_RECURSION = YES;
				CLANG_WARN_INT_CONVERSION = YES;
				CLANG_WARN_NON_LITERAL_NULL_CONVERSION = YES;
				CLANG_WARN_OBJC_IMPLICIT_RETAIN_SELF = YES;
				CLANG_WARN_OBJC_LITERAL_CONVERSION = YES;
				CLANG_WARN_OBJC_ROOT_CLASS = YES_ERROR;
				CLANG_WARN_QUOTED_INCLUDE_IN_FRAMEWORK_HEADER = YES;
				CLANG_WARN_RANGE_LOOP_ANALYSIS = YES;
				CLANG_WARN_STRICT_PROTOTYPES = YES;
				CLANG_WARN_SUSPICIOUS_MOVE = YES;
				CLANG_WARN_UNGUARDED_AVAILABILITY = YES_AGGRESSIVE;
				CLANG_WARN_UNREACHABLE_CODE = YES;
				CLANG_WARN__DUPLICATE_METHOD_MATCH = YES;
				COPY_PHASE_STRIP = NO;
				DEBUG_INFORMATION_FORMAT = "dwarf-with-dsym";
				ENABLE_NS_ASSERTIONS = NO;
				ENABLE_STRICT_OBJC_MSGSEND = YES;
				GCC_C_LANGUAGE_STANDARD = gnu11;
				GCC_NO_COMMON_BLOCKS = YES;
				GCC_WARN_64_TO_32_BIT_CONVERSION = YES;
				GCC_WARN_ABOUT_RETURN_TYPE = YES_ERROR;
				GCC_WARN_UNDECLARED_SELECTOR = YES;
				GCC_WARN_UNINITIALIZED_AUTOS = YES_AGGRESSIVE;
				GCC_WARN_UNUSED_FUNCTION = YES;
				GCC_WARN_UNUSED_VARIABLE = YES;
				IPHONEOS_DEPLOYMENT_TARGET = 16.0;
				MTL_ENABLE_DEBUG_INFO = NO;
				MTL_FAST_MATH = YES;
				SDKROOT = iphoneos;
				SWIFT_COMPILATION_MODE = wholemodule;
				SWIFT_OPTIMIZATION_LEVEL = "-O";
				VALIDATE_PRODUCT = YES;
			};
			name = Release;
		};
		CA8BBC7A28D59B8C00653A1E /* Debug */ = {
			isa = XCBuildConfiguration;
			baseConfigurationReference = CA318B3E2999DF1300BD4BEC /* Debug.xcconfig */;
			buildSettings = {
				ASSETCATALOG_COMPILER_APPICON_NAME = AppIcon;
				ASSETCATALOG_COMPILER_GLOBAL_ACCENT_COLOR_NAME = AccentColor;
				CODE_SIGN_STYLE = Automatic;
				CURRENT_PROJECT_VERSION = 1;
				DEVELOPMENT_ASSET_PATHS = "\"ApproachIOS/Preview Content\"";
				DEVELOPMENT_TEAM = 3UBRXR267C;
				ENABLE_PREVIEWS = YES;
				GENERATE_INFOPLIST_FILE = YES;
				INFOPLIST_FILE = Approach/Info.plist;
				INFOPLIST_KEY_CFBundleDisplayName = Approach;
				INFOPLIST_KEY_UIApplicationSceneManifest_Generation = YES;
				INFOPLIST_KEY_UIApplicationSupportsIndirectInputEvents = YES;
				INFOPLIST_KEY_UILaunchScreen_Generation = YES;
				INFOPLIST_KEY_UISupportedInterfaceOrientations = UIInterfaceOrientationPortrait;
				INFOPLIST_KEY_UISupportedInterfaceOrientations_iPad = "UIInterfaceOrientationLandscapeLeft UIInterfaceOrientationLandscapeRight UIInterfaceOrientationPortrait UIInterfaceOrientationPortraitUpsideDown";
				LD_RUNPATH_SEARCH_PATHS = (
					"$(inherited)",
					"@executable_path/Frameworks",
				);
				MARKETING_VERSION = 1.0.0;
				PRODUCT_BUNDLE_IDENTIFIER = ca.josephroque.approach;
				PRODUCT_NAME = "$(TARGET_NAME)";
				SWIFT_EMIT_LOC_STRINGS = YES;
				SWIFT_VERSION = 5.0;
				TARGETED_DEVICE_FAMILY = "1,2";
			};
			name = Debug;
		};
		CA8BBC7B28D59B8C00653A1E /* Release */ = {
			isa = XCBuildConfiguration;
			baseConfigurationReference = CA318B3D2999DEE500BD4BEC /* Release.xcconfig */;
			buildSettings = {
				ASSETCATALOG_COMPILER_APPICON_NAME = AppIcon;
				ASSETCATALOG_COMPILER_GLOBAL_ACCENT_COLOR_NAME = AccentColor;
				CODE_SIGN_STYLE = Automatic;
				CURRENT_PROJECT_VERSION = 1;
				DEVELOPMENT_ASSET_PATHS = "\"ApproachIOS/Preview Content\"";
				DEVELOPMENT_TEAM = 3UBRXR267C;
				ENABLE_PREVIEWS = YES;
				GENERATE_INFOPLIST_FILE = YES;
				INFOPLIST_FILE = Approach/Info.plist;
				INFOPLIST_KEY_CFBundleDisplayName = Approach;
				INFOPLIST_KEY_UIApplicationSceneManifest_Generation = YES;
				INFOPLIST_KEY_UIApplicationSupportsIndirectInputEvents = YES;
				INFOPLIST_KEY_UILaunchScreen_Generation = YES;
				INFOPLIST_KEY_UISupportedInterfaceOrientations = UIInterfaceOrientationPortrait;
				INFOPLIST_KEY_UISupportedInterfaceOrientations_iPad = "UIInterfaceOrientationLandscapeLeft UIInterfaceOrientationLandscapeRight UIInterfaceOrientationPortrait UIInterfaceOrientationPortraitUpsideDown";
				LD_RUNPATH_SEARCH_PATHS = (
					"$(inherited)",
					"@executable_path/Frameworks",
				);
				MARKETING_VERSION = 1.0.0;
				PRODUCT_BUNDLE_IDENTIFIER = ca.josephroque.approach;
				PRODUCT_NAME = "$(TARGET_NAME)";
				SWIFT_EMIT_LOC_STRINGS = YES;
				SWIFT_VERSION = 5.0;
				TARGETED_DEVICE_FAMILY = "1,2";
			};
			name = Release;
		};
/* End XCBuildConfiguration section */

/* Begin XCConfigurationList section */
		CA208FA329BA76730018DDE1 /* Build configuration list for PBXNativeTarget "ApproachFeatureTests" */ = {
			isa = XCConfigurationList;
			buildConfigurations = (
				CA208FA129BA76730018DDE1 /* Debug */,
				CA208FA229BA76730018DDE1 /* Release */,
			);
			defaultConfigurationIsVisible = 0;
			defaultConfigurationName = Release;
		};
		CA208FAE29BA8A0B0018DDE1 /* Build configuration list for PBXNativeTarget "ApproachTests" */ = {
			isa = XCConfigurationList;
			buildConfigurations = (
				CA208FAF29BA8A0B0018DDE1 /* Debug */,
				CA208FB029BA8A0B0018DDE1 /* Release */,
			);
			defaultConfigurationIsVisible = 0;
			defaultConfigurationName = Release;
		};
		CA208FBD29BA90C20018DDE1 /* Build configuration list for PBXNativeTarget "ApproachSnapshotTests" */ = {
			isa = XCConfigurationList;
			buildConfigurations = (
				CA208FBE29BA90C20018DDE1 /* Debug */,
				CA208FBF29BA90C20018DDE1 /* Release */,
			);
			defaultConfigurationIsVisible = 0;
			defaultConfigurationName = Release;
		};
		CA632F6229BD26E300272ADB /* Build configuration list for PBXNativeTarget "GameEditorPreview" */ = {
			isa = XCConfigurationList;
			buildConfigurations = (
				CA632F6029BD26E300272ADB /* Debug */,
				CA632F6129BD26E300272ADB /* Release */,
			);
			defaultConfigurationIsVisible = 0;
			defaultConfigurationName = Release;
		};
		CA8BBC5028D59B8B00653A1E /* Build configuration list for PBXProject "Approach" */ = {
			isa = XCConfigurationList;
			buildConfigurations = (
				CA8BBC7728D59B8C00653A1E /* Debug */,
				CA8BBC7828D59B8C00653A1E /* Release */,
			);
			defaultConfigurationIsVisible = 0;
			defaultConfigurationName = Release;
		};
		CA8BBC7928D59B8C00653A1E /* Build configuration list for PBXNativeTarget "Approach" */ = {
			isa = XCConfigurationList;
			buildConfigurations = (
				CA8BBC7A28D59B8C00653A1E /* Debug */,
				CA8BBC7B28D59B8C00653A1E /* Release */,
			);
			defaultConfigurationIsVisible = 0;
			defaultConfigurationName = Release;
		};
/* End XCConfigurationList section */

/* Begin XCSwiftPackageProductDependency section */
		CA1442312924582D00D39B86 /* GearDataProvider */ = {
			isa = XCSwiftPackageProductDependency;
			productName = GearDataProvider;
		};
		CA2513FD296BEE4200EF3F1A /* OpponentsDataProvider */ = {
			isa = XCSwiftPackageProductDependency;
			productName = OpponentsDataProvider;
		};
		CA2890DD28F87FF2003C1EE9 /* AppFeature */ = {
			isa = XCSwiftPackageProductDependency;
			productName = AppFeature;
		};
		CA2890E228F8DA53003C1EE9 /* PersistenceService */ = {
			isa = XCSwiftPackageProductDependency;
			productName = PersistenceService;
		};
		CA318B3F2999E1F500BD4BEC /* AnalyticsService */ = {
			isa = XCSwiftPackageProductDependency;
			productName = AnalyticsService;
		};
		CA50C6842963A4FB002F6F20 /* AveragesDataProvider */ = {
			isa = XCSwiftPackageProductDependency;
			productName = AveragesDataProvider;
		};
		CA632F6529BD293E00272ADB /* GamesEditorFeature */ = {
			isa = XCSwiftPackageProductDependency;
			productName = GamesEditorFeature;
		};
		CA681DED29B94BE900535750 /* AvatarService */ = {
			isa = XCSwiftPackageProductDependency;
			productName = AvatarService;
		};
		CA81F9DF293DAD0B0061D1D9 /* LanesDataProvider */ = {
			isa = XCSwiftPackageProductDependency;
			productName = LanesDataProvider;
		};
		CA94DD632900B3AC00B81A87 /* FileManagerService */ = {
			isa = XCSwiftPackageProductDependency;
			productName = FileManagerService;
		};
		CAC13AA829203D6600DD36A5 /* AlleysDataProvider */ = {
			isa = XCSwiftPackageProductDependency;
			productName = AlleysDataProvider;
		};
		CAC13AAA292045B700DD36A5 /* BowlersDataProvider */ = {
			isa = XCSwiftPackageProductDependency;
			productName = BowlersDataProvider;
		};
		CAC13AAC29204EA000DD36A5 /* FramesDataProvider */ = {
			isa = XCSwiftPackageProductDependency;
			productName = FramesDataProvider;
		};
		CAC13AAE29205E4E00DD36A5 /* GamesDataProvider */ = {
			isa = XCSwiftPackageProductDependency;
			productName = GamesDataProvider;
		};
		CAC13AB029205E5100DD36A5 /* LeaguesDataProvider */ = {
			isa = XCSwiftPackageProductDependency;
			productName = LeaguesDataProvider;
		};
		CAC13AB229205E5600DD36A5 /* SeriesDataProvider */ = {
			isa = XCSwiftPackageProductDependency;
			productName = SeriesDataProvider;
		};
		CAC56850291F54A100192D12 /* PreferenceService */ = {
			isa = XCSwiftPackageProductDependency;
			productName = PreferenceService;
		};
		CAC56852291F54A100192D12 /* RecentlyUsedService */ = {
			isa = XCSwiftPackageProductDependency;
			productName = RecentlyUsedService;
		};
		CAF8028F295D67FC00B19459 /* FeatureFlagsService */ = {
			isa = XCSwiftPackageProductDependency;
			productName = FeatureFlagsService;
		};
		CAFCA04329641D0A000702EF /* TeamsDataProvider */ = {
			isa = XCSwiftPackageProductDependency;
			productName = TeamsDataProvider;
		};
/* End XCSwiftPackageProductDependency section */
	};
	rootObject = CA8BBC4D28D59B8B00653A1E /* Project object */;
}
